
Microsoft Visual Studio Solution File, Format Version 12.00
# Visual Studio 14
VisualStudioVersion = 14.0.25123.0
MinimumVisualStudioVersion = 10.0.40219.1
Project("{2150E333-8FDC-42A3-9474-1A3956D46DE8}") = "nuget", "nuget", "{B5AEA046-0E87-4A7B-8F11-80B6BDDA1F2A}"
EndProject
Project("{FAE04EC0-301F-11D3-BF4B-00C04F79EFBC}") = "Tracing.NuGet", "Tracing.NuGet\Tracing.NuGet.csproj", "{2CF5E868-1098-4C6D-9001-27D8DC0D87BE}"
	ProjectSection(ProjectDependencies) = postProject
		{D7F3AA16-8EF1-4924-9E0A-DAD4AB46B2EB} = {D7F3AA16-8EF1-4924-9E0A-DAD4AB46B2EB}
		{56A56F17-7DE1-4CA1-9617-BF32E971AC84} = {56A56F17-7DE1-4CA1-9617-BF32E971AC84}
		{7169373F-0B82-4E5D-9129-7CC3065B90FA} = {7169373F-0B82-4E5D-9129-7CC3065B90FA}
		{A6FCEF44-D2BA-42C7-B3CB-13667BCD7B54} = {A6FCEF44-D2BA-42C7-B3CB-13667BCD7B54}
		{5876144B-47DD-4C4E-B421-BC03F191B996} = {5876144B-47DD-4C4E-B421-BC03F191B996}
		{ED9A4CA1-C04C-457D-9A2E-7995CCF12356} = {ED9A4CA1-C04C-457D-9A2E-7995CCF12356}
		{2882AEEB-D4CD-4EB9-8A6C-6653B33681F0} = {2882AEEB-D4CD-4EB9-8A6C-6653B33681F0}
	EndProjectSection
EndProject
Project("{FAE04EC0-301F-11D3-BF4B-00C04F79EFBC}") = "Tracing.Android", "Tracing.Android\Tracing.Android.csproj", "{56A56F17-7DE1-4CA1-9617-BF32E971AC84}"
EndProject
Project("{FAE04EC0-301F-11D3-BF4B-00C04F79EFBC}") = "Tracing.iOS", "Tracing.iOS\Tracing.iOS.csproj", "{D7F3AA16-8EF1-4924-9E0A-DAD4AB46B2EB}"
EndProject
Project("{FAE04EC0-301F-11D3-BF4B-00C04F79EFBC}") = "Tracing.iOSUnified", "Tracing.iOSUnified\Tracing.iOSUnified.csproj", "{2882AEEB-D4CD-4EB9-8A6C-6653B33681F0}"
EndProject
Project("{FAE04EC0-301F-11D3-BF4B-00C04F79EFBC}") = "Tracing.WindowsPhone8", "Tracing.WindowsPhone8\Tracing.WindowsPhone8.csproj", "{5876144B-47DD-4C4E-B421-BC03F191B996}"
EndProject
Project("{FAE04EC0-301F-11D3-BF4B-00C04F79EFBC}") = "Tracing.WindowsPhone81", "Tracing.WindowsPhone81\Tracing.WindowsPhone81.csproj", "{7169373F-0B82-4E5D-9129-7CC3065B90FA}"
EndProject
Project("{FAE04EC0-301F-11D3-BF4B-00C04F79EFBC}") = "Tracing.WindowsStore", "Tracing.WindowsStore\Tracing.WindowsStore.csproj", "{ED9A4CA1-C04C-457D-9A2E-7995CCF12356}"
EndProject
Project("{FAE04EC0-301F-11D3-BF4B-00C04F79EFBC}") = "Tracing", "Tracing\Tracing.csproj", "{A6FCEF44-D2BA-42C7-B3CB-13667BCD7B54}"
EndProject
Project("{2150E333-8FDC-42A3-9474-1A3956D46DE8}") = "Samples", "Samples", "{38C5B814-36C7-4DE2-AD3E-C3085A8A1C9F}"
EndProject
Project("{2150E333-8FDC-42A3-9474-1A3956D46DE8}") = "Tests", "Tests", "{604C015D-F511-4589-89B1-D9CB6C09F074}"
EndProject
Project("{FAE04EC0-301F-11D3-BF4B-00C04F79EFBC}") = "IntegrationTests.WindowsPhone8", "Tests\IntegrationTests.WindowsPhone8\IntegrationTests.WindowsPhone8.csproj", "{B5E1BBA9-1D29-403F-81E7-BA64D2CF2080}"
EndProject
Project("{FAE04EC0-301F-11D3-BF4B-00C04F79EFBC}") = "IntegrationTests.Android", "Tests\IntegrationTests.Android\IntegrationTests.Android.csproj", "{77F656B7-B3AD-4D58-8B0E-5A27B264EF0B}"
EndProject
Project("{FAE04EC0-301F-11D3-BF4B-00C04F79EFBC}") = "IntegrationTests.WindowsStore", "Tests\IntegrationTests.WindowsStore\IntegrationTests.WindowsStore.csproj", "{95333CBF-4204-4C44-8BC9-E1BBC048ABE3}"
EndProject
Project("{FAE04EC0-301F-11D3-BF4B-00C04F79EFBC}") = "Tracing.Netfx", "Tracing.Netfx\Tracing.Netfx.csproj", "{BBA4D7D7-7E41-4796-BC70-DDC13CFCFBC6}"
EndProject
Project("{FAE04EC0-301F-11D3-BF4B-00C04F79EFBC}") = "IntegrationTests.Netfx", "Tests\IntegrationTests.Netfx\IntegrationTests.Netfx.csproj", "{95AA5515-F032-4C00-97BB-A2CC9F916EE3}"
EndProject
Project("{FAE04EC0-301F-11D3-BF4B-00C04F79EFBC}") = "IntegrationTests.iOS", "Tests\IntegrationTests.iOS\IntegrationTests.iOS.csproj", "{B81F47D4-39DB-40CB-8F6D-A38EF4E3EB0E}"
EndProject
Project("{FAE04EC0-301F-11D3-BF4B-00C04F79EFBC}") = "IntegrationTests", "Tests\IntegrationTests\IntegrationTests.csproj", "{10332C36-D054-41CA-8997-DA71A8CBC867}"
EndProject
Project("{FAE04EC0-301F-11D3-BF4B-00C04F79EFBC}") = "UnitTests", "Tests\UnitTests\UnitTests.csproj", "{33ABCB90-E021-4257-82D2-F030462C749C}"
EndProject
Project("{FAE04EC0-301F-11D3-BF4B-00C04F79EFBC}") = "Tracing.UWP", "Tracing.UWP\Tracing.UWP.csproj", "{5E2394A4-19CB-480B-B49E-88E298C57252}"
EndProject
Project("{D954291E-2A0B-460D-934E-DC6B0785DB48}") = "Tracing.Shared", "Tracing.Shared\Tracing.Shared.shproj", "{1E8B82AB-0C81-4187-8FED-B163AB861F40}"
EndProject
Global
	GlobalSection(SharedMSBuildProjectFiles) = preSolution
		Tracing.Shared\Tracing.Shared.projitems*{d7f3aa16-8ef1-4924-9e0a-dad4ab46b2eb}*SharedItemsImports = 4
		Tracing.Shared\Tracing.Shared.projitems*{56a56f17-7de1-4ca1-9617-bf32e971ac84}*SharedItemsImports = 4
		Tracing.Shared\Tracing.Shared.projitems*{2882aeeb-d4cd-4eb9-8a6c-6653b33681f0}*SharedItemsImports = 4
		Tracing.Shared\Tracing.Shared.projitems*{1e8b82ab-0c81-4187-8fed-b163ab861f40}*SharedItemsImports = 13
		Tracing.Shared\Tracing.Shared.projitems*{5876144b-47dd-4c4e-b421-bc03f191b996}*SharedItemsImports = 4
		Tracing.Shared\Tracing.Shared.projitems*{5e2394a4-19cb-480b-b49e-88e298c57252}*SharedItemsImports = 4
		Tracing.Shared\Tracing.Shared.projitems*{7169373f-0b82-4e5d-9129-7cc3065b90fa}*SharedItemsImports = 4
		Tracing.Shared\Tracing.Shared.projitems*{bba4d7d7-7e41-4796-bc70-ddc13cfcfbc6}*SharedItemsImports = 4
		Tracing.Shared\Tracing.Shared.projitems*{ed9a4ca1-c04c-457d-9a2e-7995ccf12356}*SharedItemsImports = 4
		Tracing.Shared\Tracing.Shared.projitems*{a6fcef44-d2ba-42c7-b3cb-13667bcd7b54}*SharedItemsImports = 4
	EndGlobalSection
	GlobalSection(SolutionConfigurationPlatforms) = preSolution
		Ad-Hoc|Any CPU = Ad-Hoc|Any CPU
		Ad-Hoc|ARM = Ad-Hoc|ARM
		Ad-Hoc|iPhone = Ad-Hoc|iPhone
		Ad-Hoc|iPhoneSimulator = Ad-Hoc|iPhoneSimulator
		Ad-Hoc|x64 = Ad-Hoc|x64
		Ad-Hoc|x86 = Ad-Hoc|x86
		AppStore|Any CPU = AppStore|Any CPU
		AppStore|ARM = AppStore|ARM
		AppStore|iPhone = AppStore|iPhone
		AppStore|iPhoneSimulator = AppStore|iPhoneSimulator
		AppStore|x64 = AppStore|x64
		AppStore|x86 = AppStore|x86
		Debug|Any CPU = Debug|Any CPU
		Debug|ARM = Debug|ARM
		Debug|iPhone = Debug|iPhone
		Debug|iPhoneSimulator = Debug|iPhoneSimulator
		Debug|x64 = Debug|x64
		Debug|x86 = Debug|x86
		Release|Any CPU = Release|Any CPU
		Release|ARM = Release|ARM
		Release|iPhone = Release|iPhone
		Release|iPhoneSimulator = Release|iPhoneSimulator
		Release|x64 = Release|x64
		Release|x86 = Release|x86
	EndGlobalSection
	GlobalSection(ProjectConfigurationPlatforms) = postSolution
		{2CF5E868-1098-4C6D-9001-27D8DC0D87BE}.Ad-Hoc|Any CPU.ActiveCfg = Release|Any CPU
		{2CF5E868-1098-4C6D-9001-27D8DC0D87BE}.Ad-Hoc|Any CPU.Build.0 = Release|Any CPU
		{2CF5E868-1098-4C6D-9001-27D8DC0D87BE}.Ad-Hoc|ARM.ActiveCfg = Release|Any CPU
		{2CF5E868-1098-4C6D-9001-27D8DC0D87BE}.Ad-Hoc|ARM.Build.0 = Release|Any CPU
		{2CF5E868-1098-4C6D-9001-27D8DC0D87BE}.Ad-Hoc|iPhone.ActiveCfg = Release|Any CPU
		{2CF5E868-1098-4C6D-9001-27D8DC0D87BE}.Ad-Hoc|iPhone.Build.0 = Release|Any CPU
		{2CF5E868-1098-4C6D-9001-27D8DC0D87BE}.Ad-Hoc|iPhoneSimulator.ActiveCfg = Release|Any CPU
		{2CF5E868-1098-4C6D-9001-27D8DC0D87BE}.Ad-Hoc|iPhoneSimulator.Build.0 = Release|Any CPU
		{2CF5E868-1098-4C6D-9001-27D8DC0D87BE}.Ad-Hoc|x64.ActiveCfg = Release|Any CPU
		{2CF5E868-1098-4C6D-9001-27D8DC0D87BE}.Ad-Hoc|x64.Build.0 = Release|Any CPU
		{2CF5E868-1098-4C6D-9001-27D8DC0D87BE}.Ad-Hoc|x86.ActiveCfg = Release|Any CPU
		{2CF5E868-1098-4C6D-9001-27D8DC0D87BE}.Ad-Hoc|x86.Build.0 = Release|Any CPU
		{2CF5E868-1098-4C6D-9001-27D8DC0D87BE}.AppStore|Any CPU.ActiveCfg = Release|Any CPU
		{2CF5E868-1098-4C6D-9001-27D8DC0D87BE}.AppStore|Any CPU.Build.0 = Release|Any CPU
		{2CF5E868-1098-4C6D-9001-27D8DC0D87BE}.AppStore|ARM.ActiveCfg = Release|Any CPU
		{2CF5E868-1098-4C6D-9001-27D8DC0D87BE}.AppStore|ARM.Build.0 = Release|Any CPU
		{2CF5E868-1098-4C6D-9001-27D8DC0D87BE}.AppStore|iPhone.ActiveCfg = Release|Any CPU
		{2CF5E868-1098-4C6D-9001-27D8DC0D87BE}.AppStore|iPhone.Build.0 = Release|Any CPU
		{2CF5E868-1098-4C6D-9001-27D8DC0D87BE}.AppStore|iPhoneSimulator.ActiveCfg = Release|Any CPU
		{2CF5E868-1098-4C6D-9001-27D8DC0D87BE}.AppStore|iPhoneSimulator.Build.0 = Release|Any CPU
		{2CF5E868-1098-4C6D-9001-27D8DC0D87BE}.AppStore|x64.ActiveCfg = Release|Any CPU
		{2CF5E868-1098-4C6D-9001-27D8DC0D87BE}.AppStore|x64.Build.0 = Release|Any CPU
		{2CF5E868-1098-4C6D-9001-27D8DC0D87BE}.AppStore|x86.ActiveCfg = Release|Any CPU
		{2CF5E868-1098-4C6D-9001-27D8DC0D87BE}.AppStore|x86.Build.0 = Release|Any CPU
		{2CF5E868-1098-4C6D-9001-27D8DC0D87BE}.Debug|Any CPU.ActiveCfg = Debug|Any CPU
		{2CF5E868-1098-4C6D-9001-27D8DC0D87BE}.Debug|ARM.ActiveCfg = Debug|Any CPU
		{2CF5E868-1098-4C6D-9001-27D8DC0D87BE}.Debug|iPhone.ActiveCfg = Debug|Any CPU
		{2CF5E868-1098-4C6D-9001-27D8DC0D87BE}.Debug|iPhoneSimulator.ActiveCfg = Debug|Any CPU
		{2CF5E868-1098-4C6D-9001-27D8DC0D87BE}.Debug|x64.ActiveCfg = Debug|Any CPU
		{2CF5E868-1098-4C6D-9001-27D8DC0D87BE}.Debug|x86.ActiveCfg = Debug|Any CPU
		{2CF5E868-1098-4C6D-9001-27D8DC0D87BE}.Release|Any CPU.ActiveCfg = Release|Any CPU
		{2CF5E868-1098-4C6D-9001-27D8DC0D87BE}.Release|Any CPU.Build.0 = Release|Any CPU
		{2CF5E868-1098-4C6D-9001-27D8DC0D87BE}.Release|ARM.ActiveCfg = Release|Any CPU
		{2CF5E868-1098-4C6D-9001-27D8DC0D87BE}.Release|iPhone.ActiveCfg = Release|Any CPU
		{2CF5E868-1098-4C6D-9001-27D8DC0D87BE}.Release|iPhoneSimulator.ActiveCfg = Release|Any CPU
		{2CF5E868-1098-4C6D-9001-27D8DC0D87BE}.Release|x64.ActiveCfg = Release|Any CPU
		{2CF5E868-1098-4C6D-9001-27D8DC0D87BE}.Release|x86.ActiveCfg = Release|Any CPU
		{56A56F17-7DE1-4CA1-9617-BF32E971AC84}.Ad-Hoc|Any CPU.ActiveCfg = Release|Any CPU
		{56A56F17-7DE1-4CA1-9617-BF32E971AC84}.Ad-Hoc|Any CPU.Build.0 = Release|Any CPU
		{56A56F17-7DE1-4CA1-9617-BF32E971AC84}.Ad-Hoc|ARM.ActiveCfg = Release|Any CPU
		{56A56F17-7DE1-4CA1-9617-BF32E971AC84}.Ad-Hoc|ARM.Build.0 = Release|Any CPU
		{56A56F17-7DE1-4CA1-9617-BF32E971AC84}.Ad-Hoc|iPhone.ActiveCfg = Release|Any CPU
		{56A56F17-7DE1-4CA1-9617-BF32E971AC84}.Ad-Hoc|iPhone.Build.0 = Release|Any CPU
		{56A56F17-7DE1-4CA1-9617-BF32E971AC84}.Ad-Hoc|iPhoneSimulator.ActiveCfg = Release|Any CPU
		{56A56F17-7DE1-4CA1-9617-BF32E971AC84}.Ad-Hoc|iPhoneSimulator.Build.0 = Release|Any CPU
		{56A56F17-7DE1-4CA1-9617-BF32E971AC84}.Ad-Hoc|x64.ActiveCfg = Release|Any CPU
		{56A56F17-7DE1-4CA1-9617-BF32E971AC84}.Ad-Hoc|x64.Build.0 = Release|Any CPU
		{56A56F17-7DE1-4CA1-9617-BF32E971AC84}.Ad-Hoc|x86.ActiveCfg = Release|Any CPU
		{56A56F17-7DE1-4CA1-9617-BF32E971AC84}.Ad-Hoc|x86.Build.0 = Release|Any CPU
		{56A56F17-7DE1-4CA1-9617-BF32E971AC84}.AppStore|Any CPU.ActiveCfg = Release|Any CPU
		{56A56F17-7DE1-4CA1-9617-BF32E971AC84}.AppStore|Any CPU.Build.0 = Release|Any CPU
		{56A56F17-7DE1-4CA1-9617-BF32E971AC84}.AppStore|ARM.ActiveCfg = Release|Any CPU
		{56A56F17-7DE1-4CA1-9617-BF32E971AC84}.AppStore|ARM.Build.0 = Release|Any CPU
		{56A56F17-7DE1-4CA1-9617-BF32E971AC84}.AppStore|iPhone.ActiveCfg = Release|Any CPU
		{56A56F17-7DE1-4CA1-9617-BF32E971AC84}.AppStore|iPhone.Build.0 = Release|Any CPU
		{56A56F17-7DE1-4CA1-9617-BF32E971AC84}.AppStore|iPhoneSimulator.ActiveCfg = Release|Any CPU
		{56A56F17-7DE1-4CA1-9617-BF32E971AC84}.AppStore|iPhoneSimulator.Build.0 = Release|Any CPU
		{56A56F17-7DE1-4CA1-9617-BF32E971AC84}.AppStore|x64.ActiveCfg = Release|Any CPU
		{56A56F17-7DE1-4CA1-9617-BF32E971AC84}.AppStore|x64.Build.0 = Release|Any CPU
		{56A56F17-7DE1-4CA1-9617-BF32E971AC84}.AppStore|x86.ActiveCfg = Release|Any CPU
		{56A56F17-7DE1-4CA1-9617-BF32E971AC84}.AppStore|x86.Build.0 = Release|Any CPU
		{56A56F17-7DE1-4CA1-9617-BF32E971AC84}.Debug|Any CPU.ActiveCfg = Debug|Any CPU
		{56A56F17-7DE1-4CA1-9617-BF32E971AC84}.Debug|Any CPU.Build.0 = Debug|Any CPU
		{56A56F17-7DE1-4CA1-9617-BF32E971AC84}.Debug|ARM.ActiveCfg = Debug|Any CPU
		{56A56F17-7DE1-4CA1-9617-BF32E971AC84}.Debug|iPhone.ActiveCfg = Debug|Any CPU
		{56A56F17-7DE1-4CA1-9617-BF32E971AC84}.Debug|iPhoneSimulator.ActiveCfg = Debug|Any CPU
		{56A56F17-7DE1-4CA1-9617-BF32E971AC84}.Debug|x64.ActiveCfg = Debug|Any CPU
		{56A56F17-7DE1-4CA1-9617-BF32E971AC84}.Debug|x86.ActiveCfg = Debug|Any CPU
		{56A56F17-7DE1-4CA1-9617-BF32E971AC84}.Release|Any CPU.ActiveCfg = Release|Any CPU
		{56A56F17-7DE1-4CA1-9617-BF32E971AC84}.Release|Any CPU.Build.0 = Release|Any CPU
		{56A56F17-7DE1-4CA1-9617-BF32E971AC84}.Release|ARM.ActiveCfg = Release|Any CPU
		{56A56F17-7DE1-4CA1-9617-BF32E971AC84}.Release|iPhone.ActiveCfg = Release|Any CPU
		{56A56F17-7DE1-4CA1-9617-BF32E971AC84}.Release|iPhoneSimulator.ActiveCfg = Release|Any CPU
		{56A56F17-7DE1-4CA1-9617-BF32E971AC84}.Release|x64.ActiveCfg = Release|Any CPU
		{56A56F17-7DE1-4CA1-9617-BF32E971AC84}.Release|x86.ActiveCfg = Release|Any CPU
		{D7F3AA16-8EF1-4924-9E0A-DAD4AB46B2EB}.Ad-Hoc|Any CPU.ActiveCfg = AppStore|Any CPU
		{D7F3AA16-8EF1-4924-9E0A-DAD4AB46B2EB}.Ad-Hoc|Any CPU.Build.0 = AppStore|Any CPU
		{D7F3AA16-8EF1-4924-9E0A-DAD4AB46B2EB}.Ad-Hoc|ARM.ActiveCfg = AppStore|Any CPU
		{D7F3AA16-8EF1-4924-9E0A-DAD4AB46B2EB}.Ad-Hoc|ARM.Build.0 = AppStore|Any CPU
		{D7F3AA16-8EF1-4924-9E0A-DAD4AB46B2EB}.Ad-Hoc|iPhone.ActiveCfg = AppStore|Any CPU
		{D7F3AA16-8EF1-4924-9E0A-DAD4AB46B2EB}.Ad-Hoc|iPhone.Build.0 = AppStore|Any CPU
		{D7F3AA16-8EF1-4924-9E0A-DAD4AB46B2EB}.Ad-Hoc|iPhoneSimulator.ActiveCfg = AppStore|Any CPU
		{D7F3AA16-8EF1-4924-9E0A-DAD4AB46B2EB}.Ad-Hoc|iPhoneSimulator.Build.0 = AppStore|Any CPU
		{D7F3AA16-8EF1-4924-9E0A-DAD4AB46B2EB}.Ad-Hoc|x64.ActiveCfg = AppStore|Any CPU
		{D7F3AA16-8EF1-4924-9E0A-DAD4AB46B2EB}.Ad-Hoc|x64.Build.0 = AppStore|Any CPU
		{D7F3AA16-8EF1-4924-9E0A-DAD4AB46B2EB}.Ad-Hoc|x86.ActiveCfg = AppStore|Any CPU
		{D7F3AA16-8EF1-4924-9E0A-DAD4AB46B2EB}.Ad-Hoc|x86.Build.0 = AppStore|Any CPU
		{D7F3AA16-8EF1-4924-9E0A-DAD4AB46B2EB}.AppStore|Any CPU.ActiveCfg = AppStore|Any CPU
		{D7F3AA16-8EF1-4924-9E0A-DAD4AB46B2EB}.AppStore|Any CPU.Build.0 = AppStore|Any CPU
		{D7F3AA16-8EF1-4924-9E0A-DAD4AB46B2EB}.AppStore|ARM.ActiveCfg = AppStore|Any CPU
		{D7F3AA16-8EF1-4924-9E0A-DAD4AB46B2EB}.AppStore|ARM.Build.0 = AppStore|Any CPU
		{D7F3AA16-8EF1-4924-9E0A-DAD4AB46B2EB}.AppStore|iPhone.ActiveCfg = AppStore|Any CPU
		{D7F3AA16-8EF1-4924-9E0A-DAD4AB46B2EB}.AppStore|iPhone.Build.0 = AppStore|Any CPU
		{D7F3AA16-8EF1-4924-9E0A-DAD4AB46B2EB}.AppStore|iPhoneSimulator.ActiveCfg = AppStore|Any CPU
		{D7F3AA16-8EF1-4924-9E0A-DAD4AB46B2EB}.AppStore|iPhoneSimulator.Build.0 = AppStore|Any CPU
		{D7F3AA16-8EF1-4924-9E0A-DAD4AB46B2EB}.AppStore|x64.ActiveCfg = AppStore|Any CPU
		{D7F3AA16-8EF1-4924-9E0A-DAD4AB46B2EB}.AppStore|x64.Build.0 = AppStore|Any CPU
		{D7F3AA16-8EF1-4924-9E0A-DAD4AB46B2EB}.AppStore|x86.ActiveCfg = AppStore|Any CPU
		{D7F3AA16-8EF1-4924-9E0A-DAD4AB46B2EB}.AppStore|x86.Build.0 = AppStore|Any CPU
		{D7F3AA16-8EF1-4924-9E0A-DAD4AB46B2EB}.Debug|Any CPU.ActiveCfg = Debug|Any CPU
		{D7F3AA16-8EF1-4924-9E0A-DAD4AB46B2EB}.Debug|Any CPU.Build.0 = Debug|Any CPU
		{D7F3AA16-8EF1-4924-9E0A-DAD4AB46B2EB}.Debug|ARM.ActiveCfg = Debug|Any CPU
		{D7F3AA16-8EF1-4924-9E0A-DAD4AB46B2EB}.Debug|iPhone.ActiveCfg = Debug|Any CPU
		{D7F3AA16-8EF1-4924-9E0A-DAD4AB46B2EB}.Debug|iPhoneSimulator.ActiveCfg = Debug|Any CPU
		{D7F3AA16-8EF1-4924-9E0A-DAD4AB46B2EB}.Debug|iPhoneSimulator.Build.0 = Debug|Any CPU
		{D7F3AA16-8EF1-4924-9E0A-DAD4AB46B2EB}.Debug|x64.ActiveCfg = Debug|Any CPU
		{D7F3AA16-8EF1-4924-9E0A-DAD4AB46B2EB}.Debug|x86.ActiveCfg = Debug|Any CPU
		{D7F3AA16-8EF1-4924-9E0A-DAD4AB46B2EB}.Release|Any CPU.ActiveCfg = Release|Any CPU
		{D7F3AA16-8EF1-4924-9E0A-DAD4AB46B2EB}.Release|Any CPU.Build.0 = Release|Any CPU
		{D7F3AA16-8EF1-4924-9E0A-DAD4AB46B2EB}.Release|ARM.ActiveCfg = Release|Any CPU
		{D7F3AA16-8EF1-4924-9E0A-DAD4AB46B2EB}.Release|iPhone.ActiveCfg = Release|Any CPU
		{D7F3AA16-8EF1-4924-9E0A-DAD4AB46B2EB}.Release|iPhoneSimulator.ActiveCfg = Release|Any CPU
		{D7F3AA16-8EF1-4924-9E0A-DAD4AB46B2EB}.Release|x64.ActiveCfg = Release|Any CPU
		{D7F3AA16-8EF1-4924-9E0A-DAD4AB46B2EB}.Release|x86.ActiveCfg = Release|Any CPU
		{2882AEEB-D4CD-4EB9-8A6C-6653B33681F0}.Ad-Hoc|Any CPU.ActiveCfg = AppStore|Any CPU
		{2882AEEB-D4CD-4EB9-8A6C-6653B33681F0}.Ad-Hoc|Any CPU.Build.0 = AppStore|Any CPU
		{2882AEEB-D4CD-4EB9-8A6C-6653B33681F0}.Ad-Hoc|ARM.ActiveCfg = AppStore|Any CPU
		{2882AEEB-D4CD-4EB9-8A6C-6653B33681F0}.Ad-Hoc|ARM.Build.0 = AppStore|Any CPU
		{2882AEEB-D4CD-4EB9-8A6C-6653B33681F0}.Ad-Hoc|iPhone.ActiveCfg = AppStore|Any CPU
		{2882AEEB-D4CD-4EB9-8A6C-6653B33681F0}.Ad-Hoc|iPhone.Build.0 = AppStore|Any CPU
		{2882AEEB-D4CD-4EB9-8A6C-6653B33681F0}.Ad-Hoc|iPhoneSimulator.ActiveCfg = AppStore|Any CPU
		{2882AEEB-D4CD-4EB9-8A6C-6653B33681F0}.Ad-Hoc|iPhoneSimulator.Build.0 = AppStore|Any CPU
		{2882AEEB-D4CD-4EB9-8A6C-6653B33681F0}.Ad-Hoc|x64.ActiveCfg = AppStore|Any CPU
		{2882AEEB-D4CD-4EB9-8A6C-6653B33681F0}.Ad-Hoc|x64.Build.0 = AppStore|Any CPU
		{2882AEEB-D4CD-4EB9-8A6C-6653B33681F0}.Ad-Hoc|x86.ActiveCfg = AppStore|Any CPU
		{2882AEEB-D4CD-4EB9-8A6C-6653B33681F0}.Ad-Hoc|x86.Build.0 = AppStore|Any CPU
		{2882AEEB-D4CD-4EB9-8A6C-6653B33681F0}.AppStore|Any CPU.ActiveCfg = AppStore|Any CPU
		{2882AEEB-D4CD-4EB9-8A6C-6653B33681F0}.AppStore|Any CPU.Build.0 = AppStore|Any CPU
		{2882AEEB-D4CD-4EB9-8A6C-6653B33681F0}.AppStore|ARM.ActiveCfg = AppStore|Any CPU
		{2882AEEB-D4CD-4EB9-8A6C-6653B33681F0}.AppStore|ARM.Build.0 = AppStore|Any CPU
		{2882AEEB-D4CD-4EB9-8A6C-6653B33681F0}.AppStore|iPhone.ActiveCfg = AppStore|Any CPU
		{2882AEEB-D4CD-4EB9-8A6C-6653B33681F0}.AppStore|iPhone.Build.0 = AppStore|Any CPU
		{2882AEEB-D4CD-4EB9-8A6C-6653B33681F0}.AppStore|iPhoneSimulator.ActiveCfg = AppStore|Any CPU
		{2882AEEB-D4CD-4EB9-8A6C-6653B33681F0}.AppStore|iPhoneSimulator.Build.0 = AppStore|Any CPU
		{2882AEEB-D4CD-4EB9-8A6C-6653B33681F0}.AppStore|x64.ActiveCfg = AppStore|Any CPU
		{2882AEEB-D4CD-4EB9-8A6C-6653B33681F0}.AppStore|x64.Build.0 = AppStore|Any CPU
		{2882AEEB-D4CD-4EB9-8A6C-6653B33681F0}.AppStore|x86.ActiveCfg = AppStore|Any CPU
		{2882AEEB-D4CD-4EB9-8A6C-6653B33681F0}.AppStore|x86.Build.0 = AppStore|Any CPU
		{2882AEEB-D4CD-4EB9-8A6C-6653B33681F0}.Debug|Any CPU.ActiveCfg = Debug|Any CPU
		{2882AEEB-D4CD-4EB9-8A6C-6653B33681F0}.Debug|Any CPU.Build.0 = Debug|Any CPU
		{2882AEEB-D4CD-4EB9-8A6C-6653B33681F0}.Debug|ARM.ActiveCfg = Debug|Any CPU
		{2882AEEB-D4CD-4EB9-8A6C-6653B33681F0}.Debug|iPhone.ActiveCfg = Debug|Any CPU
		{2882AEEB-D4CD-4EB9-8A6C-6653B33681F0}.Debug|iPhoneSimulator.ActiveCfg = Debug|Any CPU
		{2882AEEB-D4CD-4EB9-8A6C-6653B33681F0}.Debug|iPhoneSimulator.Build.0 = Debug|Any CPU
		{2882AEEB-D4CD-4EB9-8A6C-6653B33681F0}.Debug|x64.ActiveCfg = Debug|Any CPU
		{2882AEEB-D4CD-4EB9-8A6C-6653B33681F0}.Debug|x86.ActiveCfg = Debug|Any CPU
		{2882AEEB-D4CD-4EB9-8A6C-6653B33681F0}.Release|Any CPU.ActiveCfg = Release|Any CPU
		{2882AEEB-D4CD-4EB9-8A6C-6653B33681F0}.Release|Any CPU.Build.0 = Release|Any CPU
		{2882AEEB-D4CD-4EB9-8A6C-6653B33681F0}.Release|ARM.ActiveCfg = Release|Any CPU
		{2882AEEB-D4CD-4EB9-8A6C-6653B33681F0}.Release|iPhone.ActiveCfg = Release|Any CPU
		{2882AEEB-D4CD-4EB9-8A6C-6653B33681F0}.Release|iPhoneSimulator.ActiveCfg = Release|Any CPU
		{2882AEEB-D4CD-4EB9-8A6C-6653B33681F0}.Release|x64.ActiveCfg = Release|Any CPU
		{2882AEEB-D4CD-4EB9-8A6C-6653B33681F0}.Release|x86.ActiveCfg = Release|Any CPU
		{5876144B-47DD-4C4E-B421-BC03F191B996}.Ad-Hoc|Any CPU.ActiveCfg = Release|Any CPU
		{5876144B-47DD-4C4E-B421-BC03F191B996}.Ad-Hoc|Any CPU.Build.0 = Release|Any CPU
		{5876144B-47DD-4C4E-B421-BC03F191B996}.Ad-Hoc|ARM.ActiveCfg = Release|ARM
		{5876144B-47DD-4C4E-B421-BC03F191B996}.Ad-Hoc|ARM.Build.0 = Release|ARM
		{5876144B-47DD-4C4E-B421-BC03F191B996}.Ad-Hoc|iPhone.ActiveCfg = Release|Any CPU
		{5876144B-47DD-4C4E-B421-BC03F191B996}.Ad-Hoc|iPhone.Build.0 = Release|Any CPU
		{5876144B-47DD-4C4E-B421-BC03F191B996}.Ad-Hoc|iPhoneSimulator.ActiveCfg = Release|Any CPU
		{5876144B-47DD-4C4E-B421-BC03F191B996}.Ad-Hoc|iPhoneSimulator.Build.0 = Release|Any CPU
		{5876144B-47DD-4C4E-B421-BC03F191B996}.Ad-Hoc|x64.ActiveCfg = Release|Any CPU
		{5876144B-47DD-4C4E-B421-BC03F191B996}.Ad-Hoc|x64.Build.0 = Release|Any CPU
		{5876144B-47DD-4C4E-B421-BC03F191B996}.Ad-Hoc|x86.ActiveCfg = Release|x86
		{5876144B-47DD-4C4E-B421-BC03F191B996}.Ad-Hoc|x86.Build.0 = Release|x86
		{5876144B-47DD-4C4E-B421-BC03F191B996}.AppStore|Any CPU.ActiveCfg = Release|Any CPU
		{5876144B-47DD-4C4E-B421-BC03F191B996}.AppStore|Any CPU.Build.0 = Release|Any CPU
		{5876144B-47DD-4C4E-B421-BC03F191B996}.AppStore|ARM.ActiveCfg = Release|ARM
		{5876144B-47DD-4C4E-B421-BC03F191B996}.AppStore|ARM.Build.0 = Release|ARM
		{5876144B-47DD-4C4E-B421-BC03F191B996}.AppStore|iPhone.ActiveCfg = Release|Any CPU
		{5876144B-47DD-4C4E-B421-BC03F191B996}.AppStore|iPhone.Build.0 = Release|Any CPU
		{5876144B-47DD-4C4E-B421-BC03F191B996}.AppStore|iPhoneSimulator.ActiveCfg = Release|Any CPU
		{5876144B-47DD-4C4E-B421-BC03F191B996}.AppStore|iPhoneSimulator.Build.0 = Release|Any CPU
		{5876144B-47DD-4C4E-B421-BC03F191B996}.AppStore|x64.ActiveCfg = Release|Any CPU
		{5876144B-47DD-4C4E-B421-BC03F191B996}.AppStore|x64.Build.0 = Release|Any CPU
		{5876144B-47DD-4C4E-B421-BC03F191B996}.AppStore|x86.ActiveCfg = Release|x86
		{5876144B-47DD-4C4E-B421-BC03F191B996}.AppStore|x86.Build.0 = Release|x86
		{5876144B-47DD-4C4E-B421-BC03F191B996}.Debug|Any CPU.ActiveCfg = Debug|Any CPU
		{5876144B-47DD-4C4E-B421-BC03F191B996}.Debug|Any CPU.Build.0 = Debug|Any CPU
		{5876144B-47DD-4C4E-B421-BC03F191B996}.Debug|ARM.ActiveCfg = Debug|ARM
		{5876144B-47DD-4C4E-B421-BC03F191B996}.Debug|ARM.Build.0 = Debug|ARM
		{5876144B-47DD-4C4E-B421-BC03F191B996}.Debug|iPhone.ActiveCfg = Debug|Any CPU
		{5876144B-47DD-4C4E-B421-BC03F191B996}.Debug|iPhoneSimulator.ActiveCfg = Debug|Any CPU
		{5876144B-47DD-4C4E-B421-BC03F191B996}.Debug|x64.ActiveCfg = Debug|Any CPU
		{5876144B-47DD-4C4E-B421-BC03F191B996}.Debug|x86.ActiveCfg = Debug|x86
		{5876144B-47DD-4C4E-B421-BC03F191B996}.Debug|x86.Build.0 = Debug|x86
		{5876144B-47DD-4C4E-B421-BC03F191B996}.Release|Any CPU.ActiveCfg = Release|Any CPU
		{5876144B-47DD-4C4E-B421-BC03F191B996}.Release|Any CPU.Build.0 = Release|Any CPU
		{5876144B-47DD-4C4E-B421-BC03F191B996}.Release|ARM.ActiveCfg = Release|ARM
		{5876144B-47DD-4C4E-B421-BC03F191B996}.Release|ARM.Build.0 = Release|ARM
		{5876144B-47DD-4C4E-B421-BC03F191B996}.Release|iPhone.ActiveCfg = Release|Any CPU
		{5876144B-47DD-4C4E-B421-BC03F191B996}.Release|iPhoneSimulator.ActiveCfg = Release|Any CPU
		{5876144B-47DD-4C4E-B421-BC03F191B996}.Release|x64.ActiveCfg = Release|Any CPU
		{5876144B-47DD-4C4E-B421-BC03F191B996}.Release|x86.ActiveCfg = Release|x86
		{5876144B-47DD-4C4E-B421-BC03F191B996}.Release|x86.Build.0 = Release|x86
		{7169373F-0B82-4E5D-9129-7CC3065B90FA}.Ad-Hoc|Any CPU.ActiveCfg = Release|Any CPU
		{7169373F-0B82-4E5D-9129-7CC3065B90FA}.Ad-Hoc|Any CPU.Build.0 = Release|Any CPU
		{7169373F-0B82-4E5D-9129-7CC3065B90FA}.Ad-Hoc|ARM.ActiveCfg = Release|ARM
		{7169373F-0B82-4E5D-9129-7CC3065B90FA}.Ad-Hoc|ARM.Build.0 = Release|ARM
		{7169373F-0B82-4E5D-9129-7CC3065B90FA}.Ad-Hoc|iPhone.ActiveCfg = Release|Any CPU
		{7169373F-0B82-4E5D-9129-7CC3065B90FA}.Ad-Hoc|iPhone.Build.0 = Release|Any CPU
		{7169373F-0B82-4E5D-9129-7CC3065B90FA}.Ad-Hoc|iPhoneSimulator.ActiveCfg = Release|Any CPU
		{7169373F-0B82-4E5D-9129-7CC3065B90FA}.Ad-Hoc|iPhoneSimulator.Build.0 = Release|Any CPU
		{7169373F-0B82-4E5D-9129-7CC3065B90FA}.Ad-Hoc|x64.ActiveCfg = Release|Any CPU
		{7169373F-0B82-4E5D-9129-7CC3065B90FA}.Ad-Hoc|x64.Build.0 = Release|Any CPU
		{7169373F-0B82-4E5D-9129-7CC3065B90FA}.Ad-Hoc|x86.ActiveCfg = Release|x86
		{7169373F-0B82-4E5D-9129-7CC3065B90FA}.Ad-Hoc|x86.Build.0 = Release|x86
		{7169373F-0B82-4E5D-9129-7CC3065B90FA}.AppStore|Any CPU.ActiveCfg = Release|Any CPU
		{7169373F-0B82-4E5D-9129-7CC3065B90FA}.AppStore|Any CPU.Build.0 = Release|Any CPU
		{7169373F-0B82-4E5D-9129-7CC3065B90FA}.AppStore|ARM.ActiveCfg = Release|ARM
		{7169373F-0B82-4E5D-9129-7CC3065B90FA}.AppStore|ARM.Build.0 = Release|ARM
		{7169373F-0B82-4E5D-9129-7CC3065B90FA}.AppStore|iPhone.ActiveCfg = Release|Any CPU
		{7169373F-0B82-4E5D-9129-7CC3065B90FA}.AppStore|iPhone.Build.0 = Release|Any CPU
		{7169373F-0B82-4E5D-9129-7CC3065B90FA}.AppStore|iPhoneSimulator.ActiveCfg = Release|Any CPU
		{7169373F-0B82-4E5D-9129-7CC3065B90FA}.AppStore|iPhoneSimulator.Build.0 = Release|Any CPU
		{7169373F-0B82-4E5D-9129-7CC3065B90FA}.AppStore|x64.ActiveCfg = Release|Any CPU
		{7169373F-0B82-4E5D-9129-7CC3065B90FA}.AppStore|x64.Build.0 = Release|Any CPU
		{7169373F-0B82-4E5D-9129-7CC3065B90FA}.AppStore|x86.ActiveCfg = Release|x86
		{7169373F-0B82-4E5D-9129-7CC3065B90FA}.AppStore|x86.Build.0 = Release|x86
		{7169373F-0B82-4E5D-9129-7CC3065B90FA}.Debug|Any CPU.ActiveCfg = Debug|Any CPU
		{7169373F-0B82-4E5D-9129-7CC3065B90FA}.Debug|Any CPU.Build.0 = Debug|Any CPU
		{7169373F-0B82-4E5D-9129-7CC3065B90FA}.Debug|ARM.ActiveCfg = Debug|ARM
		{7169373F-0B82-4E5D-9129-7CC3065B90FA}.Debug|ARM.Build.0 = Debug|ARM
		{7169373F-0B82-4E5D-9129-7CC3065B90FA}.Debug|iPhone.ActiveCfg = Debug|Any CPU
		{7169373F-0B82-4E5D-9129-7CC3065B90FA}.Debug|iPhoneSimulator.ActiveCfg = Debug|Any CPU
		{7169373F-0B82-4E5D-9129-7CC3065B90FA}.Debug|x64.ActiveCfg = Debug|Any CPU
		{7169373F-0B82-4E5D-9129-7CC3065B90FA}.Debug|x86.ActiveCfg = Debug|x86
		{7169373F-0B82-4E5D-9129-7CC3065B90FA}.Debug|x86.Build.0 = Debug|x86
		{7169373F-0B82-4E5D-9129-7CC3065B90FA}.Release|Any CPU.ActiveCfg = Release|Any CPU
		{7169373F-0B82-4E5D-9129-7CC3065B90FA}.Release|Any CPU.Build.0 = Release|Any CPU
		{7169373F-0B82-4E5D-9129-7CC3065B90FA}.Release|ARM.ActiveCfg = Release|ARM
		{7169373F-0B82-4E5D-9129-7CC3065B90FA}.Release|ARM.Build.0 = Release|ARM
		{7169373F-0B82-4E5D-9129-7CC3065B90FA}.Release|iPhone.ActiveCfg = Release|Any CPU
		{7169373F-0B82-4E5D-9129-7CC3065B90FA}.Release|iPhoneSimulator.ActiveCfg = Release|Any CPU
		{7169373F-0B82-4E5D-9129-7CC3065B90FA}.Release|x64.ActiveCfg = Release|Any CPU
		{7169373F-0B82-4E5D-9129-7CC3065B90FA}.Release|x86.ActiveCfg = Release|x86
		{7169373F-0B82-4E5D-9129-7CC3065B90FA}.Release|x86.Build.0 = Release|x86
		{ED9A4CA1-C04C-457D-9A2E-7995CCF12356}.Ad-Hoc|Any CPU.ActiveCfg = Release|Any CPU
		{ED9A4CA1-C04C-457D-9A2E-7995CCF12356}.Ad-Hoc|Any CPU.Build.0 = Release|Any CPU
		{ED9A4CA1-C04C-457D-9A2E-7995CCF12356}.Ad-Hoc|ARM.ActiveCfg = Release|ARM
		{ED9A4CA1-C04C-457D-9A2E-7995CCF12356}.Ad-Hoc|ARM.Build.0 = Release|ARM
		{ED9A4CA1-C04C-457D-9A2E-7995CCF12356}.Ad-Hoc|iPhone.ActiveCfg = Release|Any CPU
		{ED9A4CA1-C04C-457D-9A2E-7995CCF12356}.Ad-Hoc|iPhone.Build.0 = Release|Any CPU
		{ED9A4CA1-C04C-457D-9A2E-7995CCF12356}.Ad-Hoc|iPhoneSimulator.ActiveCfg = Release|Any CPU
		{ED9A4CA1-C04C-457D-9A2E-7995CCF12356}.Ad-Hoc|iPhoneSimulator.Build.0 = Release|Any CPU
		{ED9A4CA1-C04C-457D-9A2E-7995CCF12356}.Ad-Hoc|x64.ActiveCfg = Release|x64
		{ED9A4CA1-C04C-457D-9A2E-7995CCF12356}.Ad-Hoc|x64.Build.0 = Release|x64
		{ED9A4CA1-C04C-457D-9A2E-7995CCF12356}.Ad-Hoc|x86.ActiveCfg = Release|x86
		{ED9A4CA1-C04C-457D-9A2E-7995CCF12356}.Ad-Hoc|x86.Build.0 = Release|x86
		{ED9A4CA1-C04C-457D-9A2E-7995CCF12356}.AppStore|Any CPU.ActiveCfg = Release|Any CPU
		{ED9A4CA1-C04C-457D-9A2E-7995CCF12356}.AppStore|Any CPU.Build.0 = Release|Any CPU
		{ED9A4CA1-C04C-457D-9A2E-7995CCF12356}.AppStore|ARM.ActiveCfg = Release|ARM
		{ED9A4CA1-C04C-457D-9A2E-7995CCF12356}.AppStore|ARM.Build.0 = Release|ARM
		{ED9A4CA1-C04C-457D-9A2E-7995CCF12356}.AppStore|iPhone.ActiveCfg = Release|Any CPU
		{ED9A4CA1-C04C-457D-9A2E-7995CCF12356}.AppStore|iPhone.Build.0 = Release|Any CPU
		{ED9A4CA1-C04C-457D-9A2E-7995CCF12356}.AppStore|iPhoneSimulator.ActiveCfg = Release|Any CPU
		{ED9A4CA1-C04C-457D-9A2E-7995CCF12356}.AppStore|iPhoneSimulator.Build.0 = Release|Any CPU
		{ED9A4CA1-C04C-457D-9A2E-7995CCF12356}.AppStore|x64.ActiveCfg = Release|x64
		{ED9A4CA1-C04C-457D-9A2E-7995CCF12356}.AppStore|x64.Build.0 = Release|x64
		{ED9A4CA1-C04C-457D-9A2E-7995CCF12356}.AppStore|x86.ActiveCfg = Release|x86
		{ED9A4CA1-C04C-457D-9A2E-7995CCF12356}.AppStore|x86.Build.0 = Release|x86
		{ED9A4CA1-C04C-457D-9A2E-7995CCF12356}.Debug|Any CPU.ActiveCfg = Debug|Any CPU
		{ED9A4CA1-C04C-457D-9A2E-7995CCF12356}.Debug|Any CPU.Build.0 = Debug|Any CPU
		{ED9A4CA1-C04C-457D-9A2E-7995CCF12356}.Debug|ARM.ActiveCfg = Debug|ARM
		{ED9A4CA1-C04C-457D-9A2E-7995CCF12356}.Debug|ARM.Build.0 = Debug|ARM
		{ED9A4CA1-C04C-457D-9A2E-7995CCF12356}.Debug|iPhone.ActiveCfg = Debug|Any CPU
		{ED9A4CA1-C04C-457D-9A2E-7995CCF12356}.Debug|iPhoneSimulator.ActiveCfg = Debug|Any CPU
		{ED9A4CA1-C04C-457D-9A2E-7995CCF12356}.Debug|x64.ActiveCfg = Debug|x64
		{ED9A4CA1-C04C-457D-9A2E-7995CCF12356}.Debug|x64.Build.0 = Debug|x64
		{ED9A4CA1-C04C-457D-9A2E-7995CCF12356}.Debug|x86.ActiveCfg = Debug|x86
		{ED9A4CA1-C04C-457D-9A2E-7995CCF12356}.Debug|x86.Build.0 = Debug|x86
		{ED9A4CA1-C04C-457D-9A2E-7995CCF12356}.Release|Any CPU.ActiveCfg = Release|Any CPU
		{ED9A4CA1-C04C-457D-9A2E-7995CCF12356}.Release|Any CPU.Build.0 = Release|Any CPU
		{ED9A4CA1-C04C-457D-9A2E-7995CCF12356}.Release|ARM.ActiveCfg = Release|ARM
		{ED9A4CA1-C04C-457D-9A2E-7995CCF12356}.Release|ARM.Build.0 = Release|ARM
		{ED9A4CA1-C04C-457D-9A2E-7995CCF12356}.Release|iPhone.ActiveCfg = Release|Any CPU
		{ED9A4CA1-C04C-457D-9A2E-7995CCF12356}.Release|iPhoneSimulator.ActiveCfg = Release|Any CPU
		{ED9A4CA1-C04C-457D-9A2E-7995CCF12356}.Release|x64.ActiveCfg = Release|x64
		{ED9A4CA1-C04C-457D-9A2E-7995CCF12356}.Release|x64.Build.0 = Release|x64
		{ED9A4CA1-C04C-457D-9A2E-7995CCF12356}.Release|x86.ActiveCfg = Release|x86
		{ED9A4CA1-C04C-457D-9A2E-7995CCF12356}.Release|x86.Build.0 = Release|x86
		{A6FCEF44-D2BA-42C7-B3CB-13667BCD7B54}.Ad-Hoc|Any CPU.ActiveCfg = Release|Any CPU
		{A6FCEF44-D2BA-42C7-B3CB-13667BCD7B54}.Ad-Hoc|Any CPU.Build.0 = Release|Any CPU
		{A6FCEF44-D2BA-42C7-B3CB-13667BCD7B54}.Ad-Hoc|ARM.ActiveCfg = Release|Any CPU
		{A6FCEF44-D2BA-42C7-B3CB-13667BCD7B54}.Ad-Hoc|ARM.Build.0 = Release|Any CPU
		{A6FCEF44-D2BA-42C7-B3CB-13667BCD7B54}.Ad-Hoc|iPhone.ActiveCfg = Release|Any CPU
		{A6FCEF44-D2BA-42C7-B3CB-13667BCD7B54}.Ad-Hoc|iPhone.Build.0 = Release|Any CPU
		{A6FCEF44-D2BA-42C7-B3CB-13667BCD7B54}.Ad-Hoc|iPhoneSimulator.ActiveCfg = Release|Any CPU
		{A6FCEF44-D2BA-42C7-B3CB-13667BCD7B54}.Ad-Hoc|iPhoneSimulator.Build.0 = Release|Any CPU
		{A6FCEF44-D2BA-42C7-B3CB-13667BCD7B54}.Ad-Hoc|x64.ActiveCfg = Release|Any CPU
		{A6FCEF44-D2BA-42C7-B3CB-13667BCD7B54}.Ad-Hoc|x64.Build.0 = Release|Any CPU
		{A6FCEF44-D2BA-42C7-B3CB-13667BCD7B54}.Ad-Hoc|x86.ActiveCfg = Release|Any CPU
		{A6FCEF44-D2BA-42C7-B3CB-13667BCD7B54}.Ad-Hoc|x86.Build.0 = Release|Any CPU
		{A6FCEF44-D2BA-42C7-B3CB-13667BCD7B54}.AppStore|Any CPU.ActiveCfg = Release|Any CPU
		{A6FCEF44-D2BA-42C7-B3CB-13667BCD7B54}.AppStore|Any CPU.Build.0 = Release|Any CPU
		{A6FCEF44-D2BA-42C7-B3CB-13667BCD7B54}.AppStore|ARM.ActiveCfg = Release|Any CPU
		{A6FCEF44-D2BA-42C7-B3CB-13667BCD7B54}.AppStore|ARM.Build.0 = Release|Any CPU
		{A6FCEF44-D2BA-42C7-B3CB-13667BCD7B54}.AppStore|iPhone.ActiveCfg = Release|Any CPU
		{A6FCEF44-D2BA-42C7-B3CB-13667BCD7B54}.AppStore|iPhone.Build.0 = Release|Any CPU
		{A6FCEF44-D2BA-42C7-B3CB-13667BCD7B54}.AppStore|iPhoneSimulator.ActiveCfg = Release|Any CPU
		{A6FCEF44-D2BA-42C7-B3CB-13667BCD7B54}.AppStore|iPhoneSimulator.Build.0 = Release|Any CPU
		{A6FCEF44-D2BA-42C7-B3CB-13667BCD7B54}.AppStore|x64.ActiveCfg = Release|Any CPU
		{A6FCEF44-D2BA-42C7-B3CB-13667BCD7B54}.AppStore|x64.Build.0 = Release|Any CPU
		{A6FCEF44-D2BA-42C7-B3CB-13667BCD7B54}.AppStore|x86.ActiveCfg = Release|Any CPU
		{A6FCEF44-D2BA-42C7-B3CB-13667BCD7B54}.AppStore|x86.Build.0 = Release|Any CPU
		{A6FCEF44-D2BA-42C7-B3CB-13667BCD7B54}.Debug|Any CPU.ActiveCfg = Debug|Any CPU
		{A6FCEF44-D2BA-42C7-B3CB-13667BCD7B54}.Debug|Any CPU.Build.0 = Debug|Any CPU
		{A6FCEF44-D2BA-42C7-B3CB-13667BCD7B54}.Debug|ARM.ActiveCfg = Debug|Any CPU
		{A6FCEF44-D2BA-42C7-B3CB-13667BCD7B54}.Debug|iPhone.ActiveCfg = Debug|Any CPU
		{A6FCEF44-D2BA-42C7-B3CB-13667BCD7B54}.Debug|iPhoneSimulator.ActiveCfg = Debug|Any CPU
		{A6FCEF44-D2BA-42C7-B3CB-13667BCD7B54}.Debug|iPhoneSimulator.Build.0 = Debug|Any CPU
		{A6FCEF44-D2BA-42C7-B3CB-13667BCD7B54}.Debug|x64.ActiveCfg = Debug|Any CPU
		{A6FCEF44-D2BA-42C7-B3CB-13667BCD7B54}.Debug|x86.ActiveCfg = Debug|Any CPU
		{A6FCEF44-D2BA-42C7-B3CB-13667BCD7B54}.Release|Any CPU.ActiveCfg = Release|Any CPU
		{A6FCEF44-D2BA-42C7-B3CB-13667BCD7B54}.Release|Any CPU.Build.0 = Release|Any CPU
		{A6FCEF44-D2BA-42C7-B3CB-13667BCD7B54}.Release|ARM.ActiveCfg = Release|Any CPU
		{A6FCEF44-D2BA-42C7-B3CB-13667BCD7B54}.Release|iPhone.ActiveCfg = Release|Any CPU
		{A6FCEF44-D2BA-42C7-B3CB-13667BCD7B54}.Release|iPhoneSimulator.ActiveCfg = Release|Any CPU
		{A6FCEF44-D2BA-42C7-B3CB-13667BCD7B54}.Release|x64.ActiveCfg = Release|Any CPU
		{A6FCEF44-D2BA-42C7-B3CB-13667BCD7B54}.Release|x86.ActiveCfg = Release|Any CPU
		{B5E1BBA9-1D29-403F-81E7-BA64D2CF2080}.Ad-Hoc|Any CPU.ActiveCfg = Release|Any CPU
		{B5E1BBA9-1D29-403F-81E7-BA64D2CF2080}.Ad-Hoc|Any CPU.Build.0 = Release|Any CPU
		{B5E1BBA9-1D29-403F-81E7-BA64D2CF2080}.Ad-Hoc|Any CPU.Deploy.0 = Release|Any CPU
		{B5E1BBA9-1D29-403F-81E7-BA64D2CF2080}.Ad-Hoc|ARM.ActiveCfg = Release|ARM
		{B5E1BBA9-1D29-403F-81E7-BA64D2CF2080}.Ad-Hoc|ARM.Build.0 = Release|ARM
		{B5E1BBA9-1D29-403F-81E7-BA64D2CF2080}.Ad-Hoc|ARM.Deploy.0 = Release|ARM
		{B5E1BBA9-1D29-403F-81E7-BA64D2CF2080}.Ad-Hoc|iPhone.ActiveCfg = Release|Any CPU
		{B5E1BBA9-1D29-403F-81E7-BA64D2CF2080}.Ad-Hoc|iPhone.Build.0 = Release|Any CPU
		{B5E1BBA9-1D29-403F-81E7-BA64D2CF2080}.Ad-Hoc|iPhone.Deploy.0 = Release|Any CPU
		{B5E1BBA9-1D29-403F-81E7-BA64D2CF2080}.Ad-Hoc|iPhoneSimulator.ActiveCfg = Release|Any CPU
		{B5E1BBA9-1D29-403F-81E7-BA64D2CF2080}.Ad-Hoc|iPhoneSimulator.Build.0 = Release|Any CPU
		{B5E1BBA9-1D29-403F-81E7-BA64D2CF2080}.Ad-Hoc|iPhoneSimulator.Deploy.0 = Release|Any CPU
		{B5E1BBA9-1D29-403F-81E7-BA64D2CF2080}.Ad-Hoc|x64.ActiveCfg = Release|Any CPU
		{B5E1BBA9-1D29-403F-81E7-BA64D2CF2080}.Ad-Hoc|x64.Build.0 = Release|Any CPU
		{B5E1BBA9-1D29-403F-81E7-BA64D2CF2080}.Ad-Hoc|x64.Deploy.0 = Release|Any CPU
		{B5E1BBA9-1D29-403F-81E7-BA64D2CF2080}.Ad-Hoc|x86.ActiveCfg = Release|x86
		{B5E1BBA9-1D29-403F-81E7-BA64D2CF2080}.Ad-Hoc|x86.Build.0 = Release|x86
		{B5E1BBA9-1D29-403F-81E7-BA64D2CF2080}.Ad-Hoc|x86.Deploy.0 = Release|x86
		{B5E1BBA9-1D29-403F-81E7-BA64D2CF2080}.AppStore|Any CPU.ActiveCfg = Release|Any CPU
		{B5E1BBA9-1D29-403F-81E7-BA64D2CF2080}.AppStore|Any CPU.Build.0 = Release|Any CPU
		{B5E1BBA9-1D29-403F-81E7-BA64D2CF2080}.AppStore|Any CPU.Deploy.0 = Release|Any CPU
		{B5E1BBA9-1D29-403F-81E7-BA64D2CF2080}.AppStore|ARM.ActiveCfg = Release|ARM
		{B5E1BBA9-1D29-403F-81E7-BA64D2CF2080}.AppStore|ARM.Build.0 = Release|ARM
		{B5E1BBA9-1D29-403F-81E7-BA64D2CF2080}.AppStore|ARM.Deploy.0 = Release|ARM
		{B5E1BBA9-1D29-403F-81E7-BA64D2CF2080}.AppStore|iPhone.ActiveCfg = Release|Any CPU
		{B5E1BBA9-1D29-403F-81E7-BA64D2CF2080}.AppStore|iPhone.Build.0 = Release|Any CPU
		{B5E1BBA9-1D29-403F-81E7-BA64D2CF2080}.AppStore|iPhone.Deploy.0 = Release|Any CPU
		{B5E1BBA9-1D29-403F-81E7-BA64D2CF2080}.AppStore|iPhoneSimulator.ActiveCfg = Release|Any CPU
		{B5E1BBA9-1D29-403F-81E7-BA64D2CF2080}.AppStore|iPhoneSimulator.Build.0 = Release|Any CPU
		{B5E1BBA9-1D29-403F-81E7-BA64D2CF2080}.AppStore|iPhoneSimulator.Deploy.0 = Release|Any CPU
		{B5E1BBA9-1D29-403F-81E7-BA64D2CF2080}.AppStore|x64.ActiveCfg = Release|Any CPU
		{B5E1BBA9-1D29-403F-81E7-BA64D2CF2080}.AppStore|x64.Build.0 = Release|Any CPU
		{B5E1BBA9-1D29-403F-81E7-BA64D2CF2080}.AppStore|x64.Deploy.0 = Release|Any CPU
		{B5E1BBA9-1D29-403F-81E7-BA64D2CF2080}.AppStore|x86.ActiveCfg = Release|x86
		{B5E1BBA9-1D29-403F-81E7-BA64D2CF2080}.AppStore|x86.Build.0 = Release|x86
		{B5E1BBA9-1D29-403F-81E7-BA64D2CF2080}.AppStore|x86.Deploy.0 = Release|x86
		{B5E1BBA9-1D29-403F-81E7-BA64D2CF2080}.Debug|Any CPU.ActiveCfg = Debug|Any CPU
		{B5E1BBA9-1D29-403F-81E7-BA64D2CF2080}.Debug|Any CPU.Build.0 = Debug|Any CPU
		{B5E1BBA9-1D29-403F-81E7-BA64D2CF2080}.Debug|Any CPU.Deploy.0 = Debug|Any CPU
		{B5E1BBA9-1D29-403F-81E7-BA64D2CF2080}.Debug|ARM.ActiveCfg = Debug|ARM
		{B5E1BBA9-1D29-403F-81E7-BA64D2CF2080}.Debug|ARM.Build.0 = Debug|ARM
		{B5E1BBA9-1D29-403F-81E7-BA64D2CF2080}.Debug|ARM.Deploy.0 = Debug|ARM
		{B5E1BBA9-1D29-403F-81E7-BA64D2CF2080}.Debug|iPhone.ActiveCfg = Debug|Any CPU
		{B5E1BBA9-1D29-403F-81E7-BA64D2CF2080}.Debug|iPhoneSimulator.ActiveCfg = Debug|Any CPU
		{B5E1BBA9-1D29-403F-81E7-BA64D2CF2080}.Debug|x64.ActiveCfg = Debug|Any CPU
		{B5E1BBA9-1D29-403F-81E7-BA64D2CF2080}.Debug|x86.ActiveCfg = Debug|x86
		{B5E1BBA9-1D29-403F-81E7-BA64D2CF2080}.Debug|x86.Build.0 = Debug|x86
		{B5E1BBA9-1D29-403F-81E7-BA64D2CF2080}.Debug|x86.Deploy.0 = Debug|x86
		{B5E1BBA9-1D29-403F-81E7-BA64D2CF2080}.Release|Any CPU.ActiveCfg = Release|Any CPU
		{B5E1BBA9-1D29-403F-81E7-BA64D2CF2080}.Release|Any CPU.Build.0 = Release|Any CPU
		{B5E1BBA9-1D29-403F-81E7-BA64D2CF2080}.Release|Any CPU.Deploy.0 = Release|Any CPU
		{B5E1BBA9-1D29-403F-81E7-BA64D2CF2080}.Release|ARM.ActiveCfg = Release|ARM
		{B5E1BBA9-1D29-403F-81E7-BA64D2CF2080}.Release|ARM.Build.0 = Release|ARM
		{B5E1BBA9-1D29-403F-81E7-BA64D2CF2080}.Release|ARM.Deploy.0 = Release|ARM
		{B5E1BBA9-1D29-403F-81E7-BA64D2CF2080}.Release|iPhone.ActiveCfg = Release|Any CPU
		{B5E1BBA9-1D29-403F-81E7-BA64D2CF2080}.Release|iPhoneSimulator.ActiveCfg = Release|Any CPU
		{B5E1BBA9-1D29-403F-81E7-BA64D2CF2080}.Release|x64.ActiveCfg = Release|Any CPU
		{B5E1BBA9-1D29-403F-81E7-BA64D2CF2080}.Release|x86.ActiveCfg = Release|x86
		{B5E1BBA9-1D29-403F-81E7-BA64D2CF2080}.Release|x86.Build.0 = Release|x86
		{B5E1BBA9-1D29-403F-81E7-BA64D2CF2080}.Release|x86.Deploy.0 = Release|x86
		{77F656B7-B3AD-4D58-8B0E-5A27B264EF0B}.Ad-Hoc|Any CPU.ActiveCfg = Release|Any CPU
		{77F656B7-B3AD-4D58-8B0E-5A27B264EF0B}.Ad-Hoc|Any CPU.Build.0 = Release|Any CPU
		{77F656B7-B3AD-4D58-8B0E-5A27B264EF0B}.Ad-Hoc|Any CPU.Deploy.0 = Release|Any CPU
		{77F656B7-B3AD-4D58-8B0E-5A27B264EF0B}.Ad-Hoc|ARM.ActiveCfg = Release|Any CPU
		{77F656B7-B3AD-4D58-8B0E-5A27B264EF0B}.Ad-Hoc|ARM.Build.0 = Release|Any CPU
		{77F656B7-B3AD-4D58-8B0E-5A27B264EF0B}.Ad-Hoc|ARM.Deploy.0 = Release|Any CPU
		{77F656B7-B3AD-4D58-8B0E-5A27B264EF0B}.Ad-Hoc|iPhone.ActiveCfg = Release|Any CPU
		{77F656B7-B3AD-4D58-8B0E-5A27B264EF0B}.Ad-Hoc|iPhone.Build.0 = Release|Any CPU
		{77F656B7-B3AD-4D58-8B0E-5A27B264EF0B}.Ad-Hoc|iPhone.Deploy.0 = Release|Any CPU
		{77F656B7-B3AD-4D58-8B0E-5A27B264EF0B}.Ad-Hoc|iPhoneSimulator.ActiveCfg = Release|Any CPU
		{77F656B7-B3AD-4D58-8B0E-5A27B264EF0B}.Ad-Hoc|iPhoneSimulator.Build.0 = Release|Any CPU
		{77F656B7-B3AD-4D58-8B0E-5A27B264EF0B}.Ad-Hoc|iPhoneSimulator.Deploy.0 = Release|Any CPU
		{77F656B7-B3AD-4D58-8B0E-5A27B264EF0B}.Ad-Hoc|x64.ActiveCfg = Release|Any CPU
		{77F656B7-B3AD-4D58-8B0E-5A27B264EF0B}.Ad-Hoc|x64.Build.0 = Release|Any CPU
		{77F656B7-B3AD-4D58-8B0E-5A27B264EF0B}.Ad-Hoc|x64.Deploy.0 = Release|Any CPU
		{77F656B7-B3AD-4D58-8B0E-5A27B264EF0B}.Ad-Hoc|x86.ActiveCfg = Release|Any CPU
		{77F656B7-B3AD-4D58-8B0E-5A27B264EF0B}.Ad-Hoc|x86.Build.0 = Release|Any CPU
		{77F656B7-B3AD-4D58-8B0E-5A27B264EF0B}.Ad-Hoc|x86.Deploy.0 = Release|Any CPU
		{77F656B7-B3AD-4D58-8B0E-5A27B264EF0B}.AppStore|Any CPU.ActiveCfg = Release|Any CPU
		{77F656B7-B3AD-4D58-8B0E-5A27B264EF0B}.AppStore|Any CPU.Build.0 = Release|Any CPU
		{77F656B7-B3AD-4D58-8B0E-5A27B264EF0B}.AppStore|Any CPU.Deploy.0 = Release|Any CPU
		{77F656B7-B3AD-4D58-8B0E-5A27B264EF0B}.AppStore|ARM.ActiveCfg = Release|Any CPU
		{77F656B7-B3AD-4D58-8B0E-5A27B264EF0B}.AppStore|ARM.Build.0 = Release|Any CPU
		{77F656B7-B3AD-4D58-8B0E-5A27B264EF0B}.AppStore|ARM.Deploy.0 = Release|Any CPU
		{77F656B7-B3AD-4D58-8B0E-5A27B264EF0B}.AppStore|iPhone.ActiveCfg = Release|Any CPU
		{77F656B7-B3AD-4D58-8B0E-5A27B264EF0B}.AppStore|iPhone.Build.0 = Release|Any CPU
		{77F656B7-B3AD-4D58-8B0E-5A27B264EF0B}.AppStore|iPhone.Deploy.0 = Release|Any CPU
		{77F656B7-B3AD-4D58-8B0E-5A27B264EF0B}.AppStore|iPhoneSimulator.ActiveCfg = Release|Any CPU
		{77F656B7-B3AD-4D58-8B0E-5A27B264EF0B}.AppStore|iPhoneSimulator.Build.0 = Release|Any CPU
		{77F656B7-B3AD-4D58-8B0E-5A27B264EF0B}.AppStore|iPhoneSimulator.Deploy.0 = Release|Any CPU
		{77F656B7-B3AD-4D58-8B0E-5A27B264EF0B}.AppStore|x64.ActiveCfg = Release|Any CPU
		{77F656B7-B3AD-4D58-8B0E-5A27B264EF0B}.AppStore|x64.Build.0 = Release|Any CPU
		{77F656B7-B3AD-4D58-8B0E-5A27B264EF0B}.AppStore|x64.Deploy.0 = Release|Any CPU
		{77F656B7-B3AD-4D58-8B0E-5A27B264EF0B}.AppStore|x86.ActiveCfg = Release|Any CPU
		{77F656B7-B3AD-4D58-8B0E-5A27B264EF0B}.AppStore|x86.Build.0 = Release|Any CPU
		{77F656B7-B3AD-4D58-8B0E-5A27B264EF0B}.AppStore|x86.Deploy.0 = Release|Any CPU
		{77F656B7-B3AD-4D58-8B0E-5A27B264EF0B}.Debug|Any CPU.ActiveCfg = Debug|Any CPU
		{77F656B7-B3AD-4D58-8B0E-5A27B264EF0B}.Debug|Any CPU.Build.0 = Debug|Any CPU
		{77F656B7-B3AD-4D58-8B0E-5A27B264EF0B}.Debug|Any CPU.Deploy.0 = Debug|Any CPU
		{77F656B7-B3AD-4D58-8B0E-5A27B264EF0B}.Debug|ARM.ActiveCfg = Debug|Any CPU
		{77F656B7-B3AD-4D58-8B0E-5A27B264EF0B}.Debug|iPhone.ActiveCfg = Debug|Any CPU
		{77F656B7-B3AD-4D58-8B0E-5A27B264EF0B}.Debug|iPhoneSimulator.ActiveCfg = Debug|Any CPU
		{77F656B7-B3AD-4D58-8B0E-5A27B264EF0B}.Debug|x64.ActiveCfg = Debug|Any CPU
		{77F656B7-B3AD-4D58-8B0E-5A27B264EF0B}.Debug|x86.ActiveCfg = Debug|Any CPU
		{77F656B7-B3AD-4D58-8B0E-5A27B264EF0B}.Release|Any CPU.ActiveCfg = Release|Any CPU
		{77F656B7-B3AD-4D58-8B0E-5A27B264EF0B}.Release|Any CPU.Build.0 = Release|Any CPU
		{77F656B7-B3AD-4D58-8B0E-5A27B264EF0B}.Release|Any CPU.Deploy.0 = Release|Any CPU
		{77F656B7-B3AD-4D58-8B0E-5A27B264EF0B}.Release|ARM.ActiveCfg = Release|Any CPU
		{77F656B7-B3AD-4D58-8B0E-5A27B264EF0B}.Release|iPhone.ActiveCfg = Release|Any CPU
		{77F656B7-B3AD-4D58-8B0E-5A27B264EF0B}.Release|iPhoneSimulator.ActiveCfg = Release|Any CPU
		{77F656B7-B3AD-4D58-8B0E-5A27B264EF0B}.Release|x64.ActiveCfg = Release|Any CPU
		{77F656B7-B3AD-4D58-8B0E-5A27B264EF0B}.Release|x86.ActiveCfg = Release|Any CPU
		{95333CBF-4204-4C44-8BC9-E1BBC048ABE3}.Ad-Hoc|Any CPU.ActiveCfg = Release|Any CPU
		{95333CBF-4204-4C44-8BC9-E1BBC048ABE3}.Ad-Hoc|Any CPU.Build.0 = Release|Any CPU
		{95333CBF-4204-4C44-8BC9-E1BBC048ABE3}.Ad-Hoc|Any CPU.Deploy.0 = Release|Any CPU
		{95333CBF-4204-4C44-8BC9-E1BBC048ABE3}.Ad-Hoc|ARM.ActiveCfg = Release|ARM
		{95333CBF-4204-4C44-8BC9-E1BBC048ABE3}.Ad-Hoc|ARM.Build.0 = Release|ARM
		{95333CBF-4204-4C44-8BC9-E1BBC048ABE3}.Ad-Hoc|ARM.Deploy.0 = Release|ARM
		{95333CBF-4204-4C44-8BC9-E1BBC048ABE3}.Ad-Hoc|iPhone.ActiveCfg = Release|Any CPU
		{95333CBF-4204-4C44-8BC9-E1BBC048ABE3}.Ad-Hoc|iPhone.Build.0 = Release|Any CPU
		{95333CBF-4204-4C44-8BC9-E1BBC048ABE3}.Ad-Hoc|iPhone.Deploy.0 = Release|Any CPU
		{95333CBF-4204-4C44-8BC9-E1BBC048ABE3}.Ad-Hoc|iPhoneSimulator.ActiveCfg = Release|Any CPU
		{95333CBF-4204-4C44-8BC9-E1BBC048ABE3}.Ad-Hoc|iPhoneSimulator.Build.0 = Release|Any CPU
		{95333CBF-4204-4C44-8BC9-E1BBC048ABE3}.Ad-Hoc|iPhoneSimulator.Deploy.0 = Release|Any CPU
		{95333CBF-4204-4C44-8BC9-E1BBC048ABE3}.Ad-Hoc|x64.ActiveCfg = Release|x64
		{95333CBF-4204-4C44-8BC9-E1BBC048ABE3}.Ad-Hoc|x64.Build.0 = Release|x64
		{95333CBF-4204-4C44-8BC9-E1BBC048ABE3}.Ad-Hoc|x64.Deploy.0 = Release|x64
		{95333CBF-4204-4C44-8BC9-E1BBC048ABE3}.Ad-Hoc|x86.ActiveCfg = Release|x86
		{95333CBF-4204-4C44-8BC9-E1BBC048ABE3}.Ad-Hoc|x86.Build.0 = Release|x86
		{95333CBF-4204-4C44-8BC9-E1BBC048ABE3}.Ad-Hoc|x86.Deploy.0 = Release|x86
		{95333CBF-4204-4C44-8BC9-E1BBC048ABE3}.AppStore|Any CPU.ActiveCfg = Release|Any CPU
		{95333CBF-4204-4C44-8BC9-E1BBC048ABE3}.AppStore|Any CPU.Build.0 = Release|Any CPU
		{95333CBF-4204-4C44-8BC9-E1BBC048ABE3}.AppStore|Any CPU.Deploy.0 = Release|Any CPU
		{95333CBF-4204-4C44-8BC9-E1BBC048ABE3}.AppStore|ARM.ActiveCfg = Release|ARM
		{95333CBF-4204-4C44-8BC9-E1BBC048ABE3}.AppStore|ARM.Build.0 = Release|ARM
		{95333CBF-4204-4C44-8BC9-E1BBC048ABE3}.AppStore|ARM.Deploy.0 = Release|ARM
		{95333CBF-4204-4C44-8BC9-E1BBC048ABE3}.AppStore|iPhone.ActiveCfg = Release|Any CPU
		{95333CBF-4204-4C44-8BC9-E1BBC048ABE3}.AppStore|iPhone.Build.0 = Release|Any CPU
		{95333CBF-4204-4C44-8BC9-E1BBC048ABE3}.AppStore|iPhone.Deploy.0 = Release|Any CPU
		{95333CBF-4204-4C44-8BC9-E1BBC048ABE3}.AppStore|iPhoneSimulator.ActiveCfg = Release|Any CPU
		{95333CBF-4204-4C44-8BC9-E1BBC048ABE3}.AppStore|iPhoneSimulator.Build.0 = Release|Any CPU
		{95333CBF-4204-4C44-8BC9-E1BBC048ABE3}.AppStore|iPhoneSimulator.Deploy.0 = Release|Any CPU
		{95333CBF-4204-4C44-8BC9-E1BBC048ABE3}.AppStore|x64.ActiveCfg = Release|x64
		{95333CBF-4204-4C44-8BC9-E1BBC048ABE3}.AppStore|x64.Build.0 = Release|x64
		{95333CBF-4204-4C44-8BC9-E1BBC048ABE3}.AppStore|x64.Deploy.0 = Release|x64
		{95333CBF-4204-4C44-8BC9-E1BBC048ABE3}.AppStore|x86.ActiveCfg = Release|x86
		{95333CBF-4204-4C44-8BC9-E1BBC048ABE3}.AppStore|x86.Build.0 = Release|x86
		{95333CBF-4204-4C44-8BC9-E1BBC048ABE3}.AppStore|x86.Deploy.0 = Release|x86
		{95333CBF-4204-4C44-8BC9-E1BBC048ABE3}.Debug|Any CPU.ActiveCfg = Debug|Any CPU
		{95333CBF-4204-4C44-8BC9-E1BBC048ABE3}.Debug|Any CPU.Build.0 = Debug|Any CPU
		{95333CBF-4204-4C44-8BC9-E1BBC048ABE3}.Debug|Any CPU.Deploy.0 = Debug|Any CPU
		{95333CBF-4204-4C44-8BC9-E1BBC048ABE3}.Debug|ARM.ActiveCfg = Debug|ARM
		{95333CBF-4204-4C44-8BC9-E1BBC048ABE3}.Debug|ARM.Build.0 = Debug|ARM
		{95333CBF-4204-4C44-8BC9-E1BBC048ABE3}.Debug|ARM.Deploy.0 = Debug|ARM
		{95333CBF-4204-4C44-8BC9-E1BBC048ABE3}.Debug|iPhone.ActiveCfg = Debug|Any CPU
		{95333CBF-4204-4C44-8BC9-E1BBC048ABE3}.Debug|iPhoneSimulator.ActiveCfg = Debug|Any CPU
		{95333CBF-4204-4C44-8BC9-E1BBC048ABE3}.Debug|x64.ActiveCfg = Debug|x64
		{95333CBF-4204-4C44-8BC9-E1BBC048ABE3}.Debug|x64.Build.0 = Debug|x64
		{95333CBF-4204-4C44-8BC9-E1BBC048ABE3}.Debug|x64.Deploy.0 = Debug|x64
		{95333CBF-4204-4C44-8BC9-E1BBC048ABE3}.Debug|x86.ActiveCfg = Debug|x86
		{95333CBF-4204-4C44-8BC9-E1BBC048ABE3}.Debug|x86.Build.0 = Debug|x86
		{95333CBF-4204-4C44-8BC9-E1BBC048ABE3}.Debug|x86.Deploy.0 = Debug|x86
		{95333CBF-4204-4C44-8BC9-E1BBC048ABE3}.Release|Any CPU.ActiveCfg = Release|Any CPU
		{95333CBF-4204-4C44-8BC9-E1BBC048ABE3}.Release|Any CPU.Build.0 = Release|Any CPU
		{95333CBF-4204-4C44-8BC9-E1BBC048ABE3}.Release|Any CPU.Deploy.0 = Release|Any CPU
		{95333CBF-4204-4C44-8BC9-E1BBC048ABE3}.Release|ARM.ActiveCfg = Release|ARM
		{95333CBF-4204-4C44-8BC9-E1BBC048ABE3}.Release|ARM.Build.0 = Release|ARM
		{95333CBF-4204-4C44-8BC9-E1BBC048ABE3}.Release|ARM.Deploy.0 = Release|ARM
		{95333CBF-4204-4C44-8BC9-E1BBC048ABE3}.Release|iPhone.ActiveCfg = Release|Any CPU
		{95333CBF-4204-4C44-8BC9-E1BBC048ABE3}.Release|iPhoneSimulator.ActiveCfg = Release|Any CPU
		{95333CBF-4204-4C44-8BC9-E1BBC048ABE3}.Release|x64.ActiveCfg = Release|x64
		{95333CBF-4204-4C44-8BC9-E1BBC048ABE3}.Release|x64.Build.0 = Release|x64
		{95333CBF-4204-4C44-8BC9-E1BBC048ABE3}.Release|x64.Deploy.0 = Release|x64
		{95333CBF-4204-4C44-8BC9-E1BBC048ABE3}.Release|x86.ActiveCfg = Release|x86
		{95333CBF-4204-4C44-8BC9-E1BBC048ABE3}.Release|x86.Build.0 = Release|x86
		{95333CBF-4204-4C44-8BC9-E1BBC048ABE3}.Release|x86.Deploy.0 = Release|x86
		{BBA4D7D7-7E41-4796-BC70-DDC13CFCFBC6}.Ad-Hoc|Any CPU.ActiveCfg = Release|Any CPU
		{BBA4D7D7-7E41-4796-BC70-DDC13CFCFBC6}.Ad-Hoc|Any CPU.Build.0 = Release|Any CPU
		{BBA4D7D7-7E41-4796-BC70-DDC13CFCFBC6}.Ad-Hoc|ARM.ActiveCfg = Release|Any CPU
		{BBA4D7D7-7E41-4796-BC70-DDC13CFCFBC6}.Ad-Hoc|ARM.Build.0 = Release|Any CPU
		{BBA4D7D7-7E41-4796-BC70-DDC13CFCFBC6}.Ad-Hoc|iPhone.ActiveCfg = Release|Any CPU
		{BBA4D7D7-7E41-4796-BC70-DDC13CFCFBC6}.Ad-Hoc|iPhone.Build.0 = Release|Any CPU
		{BBA4D7D7-7E41-4796-BC70-DDC13CFCFBC6}.Ad-Hoc|iPhoneSimulator.ActiveCfg = Release|Any CPU
		{BBA4D7D7-7E41-4796-BC70-DDC13CFCFBC6}.Ad-Hoc|iPhoneSimulator.Build.0 = Release|Any CPU
		{BBA4D7D7-7E41-4796-BC70-DDC13CFCFBC6}.Ad-Hoc|x64.ActiveCfg = Release|Any CPU
		{BBA4D7D7-7E41-4796-BC70-DDC13CFCFBC6}.Ad-Hoc|x64.Build.0 = Release|Any CPU
		{BBA4D7D7-7E41-4796-BC70-DDC13CFCFBC6}.Ad-Hoc|x86.ActiveCfg = Release|Any CPU
		{BBA4D7D7-7E41-4796-BC70-DDC13CFCFBC6}.Ad-Hoc|x86.Build.0 = Release|Any CPU
		{BBA4D7D7-7E41-4796-BC70-DDC13CFCFBC6}.AppStore|Any CPU.ActiveCfg = Release|Any CPU
		{BBA4D7D7-7E41-4796-BC70-DDC13CFCFBC6}.AppStore|Any CPU.Build.0 = Release|Any CPU
		{BBA4D7D7-7E41-4796-BC70-DDC13CFCFBC6}.AppStore|ARM.ActiveCfg = Release|Any CPU
		{BBA4D7D7-7E41-4796-BC70-DDC13CFCFBC6}.AppStore|ARM.Build.0 = Release|Any CPU
		{BBA4D7D7-7E41-4796-BC70-DDC13CFCFBC6}.AppStore|iPhone.ActiveCfg = Release|Any CPU
		{BBA4D7D7-7E41-4796-BC70-DDC13CFCFBC6}.AppStore|iPhone.Build.0 = Release|Any CPU
		{BBA4D7D7-7E41-4796-BC70-DDC13CFCFBC6}.AppStore|iPhoneSimulator.ActiveCfg = Release|Any CPU
		{BBA4D7D7-7E41-4796-BC70-DDC13CFCFBC6}.AppStore|iPhoneSimulator.Build.0 = Release|Any CPU
		{BBA4D7D7-7E41-4796-BC70-DDC13CFCFBC6}.AppStore|x64.ActiveCfg = Release|Any CPU
		{BBA4D7D7-7E41-4796-BC70-DDC13CFCFBC6}.AppStore|x64.Build.0 = Release|Any CPU
		{BBA4D7D7-7E41-4796-BC70-DDC13CFCFBC6}.AppStore|x86.ActiveCfg = Release|Any CPU
		{BBA4D7D7-7E41-4796-BC70-DDC13CFCFBC6}.AppStore|x86.Build.0 = Release|Any CPU
		{BBA4D7D7-7E41-4796-BC70-DDC13CFCFBC6}.Debug|Any CPU.ActiveCfg = Debug|Any CPU
		{BBA4D7D7-7E41-4796-BC70-DDC13CFCFBC6}.Debug|Any CPU.Build.0 = Debug|Any CPU
		{BBA4D7D7-7E41-4796-BC70-DDC13CFCFBC6}.Debug|ARM.ActiveCfg = Debug|Any CPU
		{BBA4D7D7-7E41-4796-BC70-DDC13CFCFBC6}.Debug|ARM.Build.0 = Debug|Any CPU
		{BBA4D7D7-7E41-4796-BC70-DDC13CFCFBC6}.Debug|iPhone.ActiveCfg = Debug|Any CPU
		{BBA4D7D7-7E41-4796-BC70-DDC13CFCFBC6}.Debug|iPhone.Build.0 = Debug|Any CPU
		{BBA4D7D7-7E41-4796-BC70-DDC13CFCFBC6}.Debug|iPhoneSimulator.ActiveCfg = Debug|Any CPU
		{BBA4D7D7-7E41-4796-BC70-DDC13CFCFBC6}.Debug|x64.ActiveCfg = Debug|Any CPU
		{BBA4D7D7-7E41-4796-BC70-DDC13CFCFBC6}.Debug|x64.Build.0 = Debug|Any CPU
		{BBA4D7D7-7E41-4796-BC70-DDC13CFCFBC6}.Debug|x86.ActiveCfg = Debug|Any CPU
		{BBA4D7D7-7E41-4796-BC70-DDC13CFCFBC6}.Debug|x86.Build.0 = Debug|Any CPU
		{BBA4D7D7-7E41-4796-BC70-DDC13CFCFBC6}.Release|Any CPU.ActiveCfg = Release|Any CPU
		{BBA4D7D7-7E41-4796-BC70-DDC13CFCFBC6}.Release|Any CPU.Build.0 = Release|Any CPU
		{BBA4D7D7-7E41-4796-BC70-DDC13CFCFBC6}.Release|ARM.ActiveCfg = Release|Any CPU
		{BBA4D7D7-7E41-4796-BC70-DDC13CFCFBC6}.Release|ARM.Build.0 = Release|Any CPU
		{BBA4D7D7-7E41-4796-BC70-DDC13CFCFBC6}.Release|iPhone.ActiveCfg = Release|Any CPU
		{BBA4D7D7-7E41-4796-BC70-DDC13CFCFBC6}.Release|iPhone.Build.0 = Release|Any CPU
		{BBA4D7D7-7E41-4796-BC70-DDC13CFCFBC6}.Release|iPhoneSimulator.ActiveCfg = Release|Any CPU
		{BBA4D7D7-7E41-4796-BC70-DDC13CFCFBC6}.Release|iPhoneSimulator.Build.0 = Release|Any CPU
		{BBA4D7D7-7E41-4796-BC70-DDC13CFCFBC6}.Release|x64.ActiveCfg = Release|Any CPU
		{BBA4D7D7-7E41-4796-BC70-DDC13CFCFBC6}.Release|x64.Build.0 = Release|Any CPU
		{BBA4D7D7-7E41-4796-BC70-DDC13CFCFBC6}.Release|x86.ActiveCfg = Release|Any CPU
		{BBA4D7D7-7E41-4796-BC70-DDC13CFCFBC6}.Release|x86.Build.0 = Release|Any CPU
		{95AA5515-F032-4C00-97BB-A2CC9F916EE3}.Ad-Hoc|Any CPU.ActiveCfg = Release|Any CPU
		{95AA5515-F032-4C00-97BB-A2CC9F916EE3}.Ad-Hoc|Any CPU.Build.0 = Release|Any CPU
		{95AA5515-F032-4C00-97BB-A2CC9F916EE3}.Ad-Hoc|ARM.ActiveCfg = Release|Any CPU
		{95AA5515-F032-4C00-97BB-A2CC9F916EE3}.Ad-Hoc|ARM.Build.0 = Release|Any CPU
		{95AA5515-F032-4C00-97BB-A2CC9F916EE3}.Ad-Hoc|iPhone.ActiveCfg = Release|Any CPU
		{95AA5515-F032-4C00-97BB-A2CC9F916EE3}.Ad-Hoc|iPhone.Build.0 = Release|Any CPU
		{95AA5515-F032-4C00-97BB-A2CC9F916EE3}.Ad-Hoc|iPhoneSimulator.ActiveCfg = Release|Any CPU
		{95AA5515-F032-4C00-97BB-A2CC9F916EE3}.Ad-Hoc|iPhoneSimulator.Build.0 = Release|Any CPU
		{95AA5515-F032-4C00-97BB-A2CC9F916EE3}.Ad-Hoc|x64.ActiveCfg = Release|Any CPU
		{95AA5515-F032-4C00-97BB-A2CC9F916EE3}.Ad-Hoc|x64.Build.0 = Release|Any CPU
		{95AA5515-F032-4C00-97BB-A2CC9F916EE3}.Ad-Hoc|x86.ActiveCfg = Release|Any CPU
		{95AA5515-F032-4C00-97BB-A2CC9F916EE3}.Ad-Hoc|x86.Build.0 = Release|Any CPU
		{95AA5515-F032-4C00-97BB-A2CC9F916EE3}.AppStore|Any CPU.ActiveCfg = Release|Any CPU
		{95AA5515-F032-4C00-97BB-A2CC9F916EE3}.AppStore|Any CPU.Build.0 = Release|Any CPU
		{95AA5515-F032-4C00-97BB-A2CC9F916EE3}.AppStore|ARM.ActiveCfg = Release|Any CPU
		{95AA5515-F032-4C00-97BB-A2CC9F916EE3}.AppStore|ARM.Build.0 = Release|Any CPU
		{95AA5515-F032-4C00-97BB-A2CC9F916EE3}.AppStore|iPhone.ActiveCfg = Release|Any CPU
		{95AA5515-F032-4C00-97BB-A2CC9F916EE3}.AppStore|iPhone.Build.0 = Release|Any CPU
		{95AA5515-F032-4C00-97BB-A2CC9F916EE3}.AppStore|iPhoneSimulator.ActiveCfg = Release|Any CPU
		{95AA5515-F032-4C00-97BB-A2CC9F916EE3}.AppStore|iPhoneSimulator.Build.0 = Release|Any CPU
		{95AA5515-F032-4C00-97BB-A2CC9F916EE3}.AppStore|x64.ActiveCfg = Release|Any CPU
		{95AA5515-F032-4C00-97BB-A2CC9F916EE3}.AppStore|x64.Build.0 = Release|Any CPU
		{95AA5515-F032-4C00-97BB-A2CC9F916EE3}.AppStore|x86.ActiveCfg = Release|Any CPU
		{95AA5515-F032-4C00-97BB-A2CC9F916EE3}.AppStore|x86.Build.0 = Release|Any CPU
		{95AA5515-F032-4C00-97BB-A2CC9F916EE3}.Debug|Any CPU.ActiveCfg = Debug|Any CPU
		{95AA5515-F032-4C00-97BB-A2CC9F916EE3}.Debug|Any CPU.Build.0 = Debug|Any CPU
		{95AA5515-F032-4C00-97BB-A2CC9F916EE3}.Debug|ARM.ActiveCfg = Debug|Any CPU
		{95AA5515-F032-4C00-97BB-A2CC9F916EE3}.Debug|ARM.Build.0 = Debug|Any CPU
		{95AA5515-F032-4C00-97BB-A2CC9F916EE3}.Debug|iPhone.ActiveCfg = Debug|Any CPU
		{95AA5515-F032-4C00-97BB-A2CC9F916EE3}.Debug|iPhone.Build.0 = Debug|Any CPU
		{95AA5515-F032-4C00-97BB-A2CC9F916EE3}.Debug|iPhoneSimulator.ActiveCfg = Debug|Any CPU
		{95AA5515-F032-4C00-97BB-A2CC9F916EE3}.Debug|x64.ActiveCfg = Debug|Any CPU
		{95AA5515-F032-4C00-97BB-A2CC9F916EE3}.Debug|x64.Build.0 = Debug|Any CPU
		{95AA5515-F032-4C00-97BB-A2CC9F916EE3}.Debug|x86.ActiveCfg = Debug|Any CPU
		{95AA5515-F032-4C00-97BB-A2CC9F916EE3}.Debug|x86.Build.0 = Debug|Any CPU
		{95AA5515-F032-4C00-97BB-A2CC9F916EE3}.Release|Any CPU.ActiveCfg = Release|Any CPU
		{95AA5515-F032-4C00-97BB-A2CC9F916EE3}.Release|Any CPU.Build.0 = Release|Any CPU
		{95AA5515-F032-4C00-97BB-A2CC9F916EE3}.Release|ARM.ActiveCfg = Release|Any CPU
		{95AA5515-F032-4C00-97BB-A2CC9F916EE3}.Release|ARM.Build.0 = Release|Any CPU
		{95AA5515-F032-4C00-97BB-A2CC9F916EE3}.Release|iPhone.ActiveCfg = Release|Any CPU
		{95AA5515-F032-4C00-97BB-A2CC9F916EE3}.Release|iPhone.Build.0 = Release|Any CPU
		{95AA5515-F032-4C00-97BB-A2CC9F916EE3}.Release|iPhoneSimulator.ActiveCfg = Release|Any CPU
		{95AA5515-F032-4C00-97BB-A2CC9F916EE3}.Release|iPhoneSimulator.Build.0 = Release|Any CPU
		{95AA5515-F032-4C00-97BB-A2CC9F916EE3}.Release|x64.ActiveCfg = Release|Any CPU
		{95AA5515-F032-4C00-97BB-A2CC9F916EE3}.Release|x64.Build.0 = Release|Any CPU
		{95AA5515-F032-4C00-97BB-A2CC9F916EE3}.Release|x86.ActiveCfg = Release|Any CPU
		{95AA5515-F032-4C00-97BB-A2CC9F916EE3}.Release|x86.Build.0 = Release|Any CPU
		{B81F47D4-39DB-40CB-8F6D-A38EF4E3EB0E}.Ad-Hoc|Any CPU.ActiveCfg = Ad-Hoc|iPhone
		{B81F47D4-39DB-40CB-8F6D-A38EF4E3EB0E}.Ad-Hoc|ARM.ActiveCfg = Ad-Hoc|iPhone
		{B81F47D4-39DB-40CB-8F6D-A38EF4E3EB0E}.Ad-Hoc|iPhone.ActiveCfg = Ad-Hoc|iPhone
		{B81F47D4-39DB-40CB-8F6D-A38EF4E3EB0E}.Ad-Hoc|iPhone.Build.0 = Ad-Hoc|iPhone
		{B81F47D4-39DB-40CB-8F6D-A38EF4E3EB0E}.Ad-Hoc|iPhoneSimulator.ActiveCfg = Ad-Hoc|iPhoneSimulator
		{B81F47D4-39DB-40CB-8F6D-A38EF4E3EB0E}.Ad-Hoc|iPhoneSimulator.Build.0 = Ad-Hoc|iPhoneSimulator
		{B81F47D4-39DB-40CB-8F6D-A38EF4E3EB0E}.Ad-Hoc|x64.ActiveCfg = Ad-Hoc|iPhone
		{B81F47D4-39DB-40CB-8F6D-A38EF4E3EB0E}.Ad-Hoc|x86.ActiveCfg = Ad-Hoc|iPhone
		{B81F47D4-39DB-40CB-8F6D-A38EF4E3EB0E}.AppStore|Any CPU.ActiveCfg = AppStore|iPhone
		{B81F47D4-39DB-40CB-8F6D-A38EF4E3EB0E}.AppStore|ARM.ActiveCfg = AppStore|iPhone
		{B81F47D4-39DB-40CB-8F6D-A38EF4E3EB0E}.AppStore|iPhone.ActiveCfg = AppStore|iPhone
		{B81F47D4-39DB-40CB-8F6D-A38EF4E3EB0E}.AppStore|iPhone.Build.0 = AppStore|iPhone
		{B81F47D4-39DB-40CB-8F6D-A38EF4E3EB0E}.AppStore|iPhoneSimulator.ActiveCfg = AppStore|iPhoneSimulator
		{B81F47D4-39DB-40CB-8F6D-A38EF4E3EB0E}.AppStore|iPhoneSimulator.Build.0 = AppStore|iPhoneSimulator
		{B81F47D4-39DB-40CB-8F6D-A38EF4E3EB0E}.AppStore|x64.ActiveCfg = AppStore|iPhone
		{B81F47D4-39DB-40CB-8F6D-A38EF4E3EB0E}.AppStore|x86.ActiveCfg = AppStore|iPhone
		{B81F47D4-39DB-40CB-8F6D-A38EF4E3EB0E}.Debug|Any CPU.ActiveCfg = Debug|iPhone
		{B81F47D4-39DB-40CB-8F6D-A38EF4E3EB0E}.Debug|ARM.ActiveCfg = Debug|iPhone
		{B81F47D4-39DB-40CB-8F6D-A38EF4E3EB0E}.Debug|iPhone.ActiveCfg = Debug|iPhone
		{B81F47D4-39DB-40CB-8F6D-A38EF4E3EB0E}.Debug|iPhone.Build.0 = Debug|iPhone
		{B81F47D4-39DB-40CB-8F6D-A38EF4E3EB0E}.Debug|iPhoneSimulator.ActiveCfg = Debug|iPhoneSimulator
		{B81F47D4-39DB-40CB-8F6D-A38EF4E3EB0E}.Debug|iPhoneSimulator.Build.0 = Debug|iPhoneSimulator
		{B81F47D4-39DB-40CB-8F6D-A38EF4E3EB0E}.Debug|x64.ActiveCfg = Debug|iPhone
		{B81F47D4-39DB-40CB-8F6D-A38EF4E3EB0E}.Debug|x86.ActiveCfg = Debug|iPhone
		{B81F47D4-39DB-40CB-8F6D-A38EF4E3EB0E}.Release|Any CPU.ActiveCfg = Release|iPhone
		{B81F47D4-39DB-40CB-8F6D-A38EF4E3EB0E}.Release|ARM.ActiveCfg = Release|iPhone
		{B81F47D4-39DB-40CB-8F6D-A38EF4E3EB0E}.Release|iPhone.ActiveCfg = Release|iPhone
		{B81F47D4-39DB-40CB-8F6D-A38EF4E3EB0E}.Release|iPhone.Build.0 = Release|iPhone
		{B81F47D4-39DB-40CB-8F6D-A38EF4E3EB0E}.Release|iPhoneSimulator.ActiveCfg = Release|iPhoneSimulator
		{B81F47D4-39DB-40CB-8F6D-A38EF4E3EB0E}.Release|iPhoneSimulator.Build.0 = Release|iPhoneSimulator
		{B81F47D4-39DB-40CB-8F6D-A38EF4E3EB0E}.Release|x64.ActiveCfg = Release|iPhone
		{B81F47D4-39DB-40CB-8F6D-A38EF4E3EB0E}.Release|x86.ActiveCfg = Release|iPhone
		{10332C36-D054-41CA-8997-DA71A8CBC867}.Ad-Hoc|Any CPU.ActiveCfg = Release|Any CPU
		{10332C36-D054-41CA-8997-DA71A8CBC867}.Ad-Hoc|Any CPU.Build.0 = Release|Any CPU
		{10332C36-D054-41CA-8997-DA71A8CBC867}.Ad-Hoc|ARM.ActiveCfg = Release|Any CPU
		{10332C36-D054-41CA-8997-DA71A8CBC867}.Ad-Hoc|ARM.Build.0 = Release|Any CPU
		{10332C36-D054-41CA-8997-DA71A8CBC867}.Ad-Hoc|iPhone.ActiveCfg = Release|Any CPU
		{10332C36-D054-41CA-8997-DA71A8CBC867}.Ad-Hoc|iPhone.Build.0 = Release|Any CPU
		{10332C36-D054-41CA-8997-DA71A8CBC867}.Ad-Hoc|iPhoneSimulator.ActiveCfg = Release|Any CPU
		{10332C36-D054-41CA-8997-DA71A8CBC867}.Ad-Hoc|iPhoneSimulator.Build.0 = Release|Any CPU
		{10332C36-D054-41CA-8997-DA71A8CBC867}.Ad-Hoc|x64.ActiveCfg = Release|Any CPU
		{10332C36-D054-41CA-8997-DA71A8CBC867}.Ad-Hoc|x64.Build.0 = Release|Any CPU
		{10332C36-D054-41CA-8997-DA71A8CBC867}.Ad-Hoc|x86.ActiveCfg = Release|Any CPU
		{10332C36-D054-41CA-8997-DA71A8CBC867}.Ad-Hoc|x86.Build.0 = Release|Any CPU
		{10332C36-D054-41CA-8997-DA71A8CBC867}.AppStore|Any CPU.ActiveCfg = Release|Any CPU
		{10332C36-D054-41CA-8997-DA71A8CBC867}.AppStore|Any CPU.Build.0 = Release|Any CPU
		{10332C36-D054-41CA-8997-DA71A8CBC867}.AppStore|ARM.ActiveCfg = Release|Any CPU
		{10332C36-D054-41CA-8997-DA71A8CBC867}.AppStore|ARM.Build.0 = Release|Any CPU
		{10332C36-D054-41CA-8997-DA71A8CBC867}.AppStore|iPhone.ActiveCfg = Release|Any CPU
		{10332C36-D054-41CA-8997-DA71A8CBC867}.AppStore|iPhone.Build.0 = Release|Any CPU
		{10332C36-D054-41CA-8997-DA71A8CBC867}.AppStore|iPhoneSimulator.ActiveCfg = Release|Any CPU
		{10332C36-D054-41CA-8997-DA71A8CBC867}.AppStore|iPhoneSimulator.Build.0 = Release|Any CPU
		{10332C36-D054-41CA-8997-DA71A8CBC867}.AppStore|x64.ActiveCfg = Release|Any CPU
		{10332C36-D054-41CA-8997-DA71A8CBC867}.AppStore|x64.Build.0 = Release|Any CPU
		{10332C36-D054-41CA-8997-DA71A8CBC867}.AppStore|x86.ActiveCfg = Release|Any CPU
		{10332C36-D054-41CA-8997-DA71A8CBC867}.AppStore|x86.Build.0 = Release|Any CPU
		{10332C36-D054-41CA-8997-DA71A8CBC867}.Debug|Any CPU.ActiveCfg = Debug|Any CPU
		{10332C36-D054-41CA-8997-DA71A8CBC867}.Debug|Any CPU.Build.0 = Debug|Any CPU
		{10332C36-D054-41CA-8997-DA71A8CBC867}.Debug|ARM.ActiveCfg = Debug|Any CPU
		{10332C36-D054-41CA-8997-DA71A8CBC867}.Debug|ARM.Build.0 = Debug|Any CPU
		{10332C36-D054-41CA-8997-DA71A8CBC867}.Debug|iPhone.ActiveCfg = Debug|Any CPU
		{10332C36-D054-41CA-8997-DA71A8CBC867}.Debug|iPhone.Build.0 = Debug|Any CPU
		{10332C36-D054-41CA-8997-DA71A8CBC867}.Debug|iPhoneSimulator.ActiveCfg = Debug|Any CPU
		{10332C36-D054-41CA-8997-DA71A8CBC867}.Debug|iPhoneSimulator.Build.0 = Debug|Any CPU
		{10332C36-D054-41CA-8997-DA71A8CBC867}.Debug|x64.ActiveCfg = Debug|Any CPU
		{10332C36-D054-41CA-8997-DA71A8CBC867}.Debug|x64.Build.0 = Debug|Any CPU
		{10332C36-D054-41CA-8997-DA71A8CBC867}.Debug|x86.ActiveCfg = Debug|Any CPU
		{10332C36-D054-41CA-8997-DA71A8CBC867}.Debug|x86.Build.0 = Debug|Any CPU
		{10332C36-D054-41CA-8997-DA71A8CBC867}.Release|Any CPU.ActiveCfg = Release|Any CPU
		{10332C36-D054-41CA-8997-DA71A8CBC867}.Release|Any CPU.Build.0 = Release|Any CPU
		{10332C36-D054-41CA-8997-DA71A8CBC867}.Release|ARM.ActiveCfg = Release|Any CPU
		{10332C36-D054-41CA-8997-DA71A8CBC867}.Release|ARM.Build.0 = Release|Any CPU
		{10332C36-D054-41CA-8997-DA71A8CBC867}.Release|iPhone.ActiveCfg = Release|Any CPU
		{10332C36-D054-41CA-8997-DA71A8CBC867}.Release|iPhone.Build.0 = Release|Any CPU
		{10332C36-D054-41CA-8997-DA71A8CBC867}.Release|iPhoneSimulator.ActiveCfg = Release|Any CPU
		{10332C36-D054-41CA-8997-DA71A8CBC867}.Release|iPhoneSimulator.Build.0 = Release|Any CPU
		{10332C36-D054-41CA-8997-DA71A8CBC867}.Release|x64.ActiveCfg = Release|Any CPU
		{10332C36-D054-41CA-8997-DA71A8CBC867}.Release|x64.Build.0 = Release|Any CPU
		{10332C36-D054-41CA-8997-DA71A8CBC867}.Release|x86.ActiveCfg = Release|Any CPU
		{10332C36-D054-41CA-8997-DA71A8CBC867}.Release|x86.Build.0 = Release|Any CPU
		{33ABCB90-E021-4257-82D2-F030462C749C}.Ad-Hoc|Any CPU.ActiveCfg = Release|Any CPU
		{33ABCB90-E021-4257-82D2-F030462C749C}.Ad-Hoc|Any CPU.Build.0 = Release|Any CPU
		{33ABCB90-E021-4257-82D2-F030462C749C}.Ad-Hoc|ARM.ActiveCfg = Release|Any CPU
		{33ABCB90-E021-4257-82D2-F030462C749C}.Ad-Hoc|ARM.Build.0 = Release|Any CPU
		{33ABCB90-E021-4257-82D2-F030462C749C}.Ad-Hoc|iPhone.ActiveCfg = Release|Any CPU
		{33ABCB90-E021-4257-82D2-F030462C749C}.Ad-Hoc|iPhone.Build.0 = Release|Any CPU
		{33ABCB90-E021-4257-82D2-F030462C749C}.Ad-Hoc|iPhoneSimulator.ActiveCfg = Release|Any CPU
		{33ABCB90-E021-4257-82D2-F030462C749C}.Ad-Hoc|iPhoneSimulator.Build.0 = Release|Any CPU
		{33ABCB90-E021-4257-82D2-F030462C749C}.Ad-Hoc|x64.ActiveCfg = Release|Any CPU
		{33ABCB90-E021-4257-82D2-F030462C749C}.Ad-Hoc|x64.Build.0 = Release|Any CPU
		{33ABCB90-E021-4257-82D2-F030462C749C}.Ad-Hoc|x86.ActiveCfg = Release|Any CPU
		{33ABCB90-E021-4257-82D2-F030462C749C}.Ad-Hoc|x86.Build.0 = Release|Any CPU
		{33ABCB90-E021-4257-82D2-F030462C749C}.AppStore|Any CPU.ActiveCfg = Release|Any CPU
		{33ABCB90-E021-4257-82D2-F030462C749C}.AppStore|Any CPU.Build.0 = Release|Any CPU
		{33ABCB90-E021-4257-82D2-F030462C749C}.AppStore|ARM.ActiveCfg = Release|Any CPU
		{33ABCB90-E021-4257-82D2-F030462C749C}.AppStore|ARM.Build.0 = Release|Any CPU
		{33ABCB90-E021-4257-82D2-F030462C749C}.AppStore|iPhone.ActiveCfg = Release|Any CPU
		{33ABCB90-E021-4257-82D2-F030462C749C}.AppStore|iPhone.Build.0 = Release|Any CPU
		{33ABCB90-E021-4257-82D2-F030462C749C}.AppStore|iPhoneSimulator.ActiveCfg = Release|Any CPU
		{33ABCB90-E021-4257-82D2-F030462C749C}.AppStore|iPhoneSimulator.Build.0 = Release|Any CPU
		{33ABCB90-E021-4257-82D2-F030462C749C}.AppStore|x64.ActiveCfg = Release|Any CPU
		{33ABCB90-E021-4257-82D2-F030462C749C}.AppStore|x64.Build.0 = Release|Any CPU
		{33ABCB90-E021-4257-82D2-F030462C749C}.AppStore|x86.ActiveCfg = Release|Any CPU
		{33ABCB90-E021-4257-82D2-F030462C749C}.AppStore|x86.Build.0 = Release|Any CPU
		{33ABCB90-E021-4257-82D2-F030462C749C}.Debug|Any CPU.ActiveCfg = Debug|Any CPU
		{33ABCB90-E021-4257-82D2-F030462C749C}.Debug|Any CPU.Build.0 = Debug|Any CPU
		{33ABCB90-E021-4257-82D2-F030462C749C}.Debug|ARM.ActiveCfg = Debug|Any CPU
		{33ABCB90-E021-4257-82D2-F030462C749C}.Debug|ARM.Build.0 = Debug|Any CPU
		{33ABCB90-E021-4257-82D2-F030462C749C}.Debug|iPhone.ActiveCfg = Debug|Any CPU
		{33ABCB90-E021-4257-82D2-F030462C749C}.Debug|iPhone.Build.0 = Debug|Any CPU
		{33ABCB90-E021-4257-82D2-F030462C749C}.Debug|iPhoneSimulator.ActiveCfg = Debug|Any CPU
		{33ABCB90-E021-4257-82D2-F030462C749C}.Debug|iPhoneSimulator.Build.0 = Debug|Any CPU
		{33ABCB90-E021-4257-82D2-F030462C749C}.Debug|x64.ActiveCfg = Debug|Any CPU
		{33ABCB90-E021-4257-82D2-F030462C749C}.Debug|x64.Build.0 = Debug|Any CPU
		{33ABCB90-E021-4257-82D2-F030462C749C}.Debug|x86.ActiveCfg = Debug|Any CPU
		{33ABCB90-E021-4257-82D2-F030462C749C}.Debug|x86.Build.0 = Debug|Any CPU
		{33ABCB90-E021-4257-82D2-F030462C749C}.Release|Any CPU.ActiveCfg = Release|Any CPU
		{33ABCB90-E021-4257-82D2-F030462C749C}.Release|Any CPU.Build.0 = Release|Any CPU
		{33ABCB90-E021-4257-82D2-F030462C749C}.Release|ARM.ActiveCfg = Release|Any CPU
		{33ABCB90-E021-4257-82D2-F030462C749C}.Release|ARM.Build.0 = Release|Any CPU
		{33ABCB90-E021-4257-82D2-F030462C749C}.Release|iPhone.ActiveCfg = Release|Any CPU
		{33ABCB90-E021-4257-82D2-F030462C749C}.Release|iPhone.Build.0 = Release|Any CPU
		{33ABCB90-E021-4257-82D2-F030462C749C}.Release|iPhoneSimulator.ActiveCfg = Release|Any CPU
		{33ABCB90-E021-4257-82D2-F030462C749C}.Release|iPhoneSimulator.Build.0 = Release|Any CPU
		{33ABCB90-E021-4257-82D2-F030462C749C}.Release|x64.ActiveCfg = Release|Any CPU
		{33ABCB90-E021-4257-82D2-F030462C749C}.Release|x64.Build.0 = Release|Any CPU
		{33ABCB90-E021-4257-82D2-F030462C749C}.Release|x86.ActiveCfg = Release|Any CPU
		{33ABCB90-E021-4257-82D2-F030462C749C}.Release|x86.Build.0 = Release|Any CPU
		{5E2394A4-19CB-480B-B49E-88E298C57252}.Ad-Hoc|Any CPU.ActiveCfg = Release|Any CPU
		{5E2394A4-19CB-480B-B49E-88E298C57252}.Ad-Hoc|Any CPU.Build.0 = Release|Any CPU
		{5E2394A4-19CB-480B-B49E-88E298C57252}.Ad-Hoc|ARM.ActiveCfg = Release|ARM
		{5E2394A4-19CB-480B-B49E-88E298C57252}.Ad-Hoc|ARM.Build.0 = Release|ARM
		{5E2394A4-19CB-480B-B49E-88E298C57252}.Ad-Hoc|iPhone.ActiveCfg = Release|Any CPU
		{5E2394A4-19CB-480B-B49E-88E298C57252}.Ad-Hoc|iPhone.Build.0 = Release|Any CPU
		{5E2394A4-19CB-480B-B49E-88E298C57252}.Ad-Hoc|iPhoneSimulator.ActiveCfg = Release|Any CPU
		{5E2394A4-19CB-480B-B49E-88E298C57252}.Ad-Hoc|iPhoneSimulator.Build.0 = Release|Any CPU
		{5E2394A4-19CB-480B-B49E-88E298C57252}.Ad-Hoc|x64.ActiveCfg = Release|x64
		{5E2394A4-19CB-480B-B49E-88E298C57252}.Ad-Hoc|x64.Build.0 = Release|x64
		{5E2394A4-19CB-480B-B49E-88E298C57252}.Ad-Hoc|x86.ActiveCfg = Release|x86
		{5E2394A4-19CB-480B-B49E-88E298C57252}.Ad-Hoc|x86.Build.0 = Release|x86
		{5E2394A4-19CB-480B-B49E-88E298C57252}.AppStore|Any CPU.ActiveCfg = Release|Any CPU
		{5E2394A4-19CB-480B-B49E-88E298C57252}.AppStore|Any CPU.Build.0 = Release|Any CPU
		{5E2394A4-19CB-480B-B49E-88E298C57252}.AppStore|ARM.ActiveCfg = Release|ARM
		{5E2394A4-19CB-480B-B49E-88E298C57252}.AppStore|ARM.Build.0 = Release|ARM
		{5E2394A4-19CB-480B-B49E-88E298C57252}.AppStore|iPhone.ActiveCfg = Release|Any CPU
		{5E2394A4-19CB-480B-B49E-88E298C57252}.AppStore|iPhone.Build.0 = Release|Any CPU
		{5E2394A4-19CB-480B-B49E-88E298C57252}.AppStore|iPhoneSimulator.ActiveCfg = Release|Any CPU
		{5E2394A4-19CB-480B-B49E-88E298C57252}.AppStore|iPhoneSimulator.Build.0 = Release|Any CPU
		{5E2394A4-19CB-480B-B49E-88E298C57252}.AppStore|x64.ActiveCfg = Release|x64
		{5E2394A4-19CB-480B-B49E-88E298C57252}.AppStore|x64.Build.0 = Release|x64
		{5E2394A4-19CB-480B-B49E-88E298C57252}.AppStore|x86.ActiveCfg = Release|x86
		{5E2394A4-19CB-480B-B49E-88E298C57252}.AppStore|x86.Build.0 = Release|x86
		{5E2394A4-19CB-480B-B49E-88E298C57252}.Debug|Any CPU.ActiveCfg = Debug|Any CPU
		{5E2394A4-19CB-480B-B49E-88E298C57252}.Debug|Any CPU.Build.0 = Debug|Any CPU
		{5E2394A4-19CB-480B-B49E-88E298C57252}.Debug|ARM.ActiveCfg = Debug|ARM
		{5E2394A4-19CB-480B-B49E-88E298C57252}.Debug|ARM.Build.0 = Debug|ARM
		{5E2394A4-19CB-480B-B49E-88E298C57252}.Debug|iPhone.ActiveCfg = Debug|Any CPU
		{5E2394A4-19CB-480B-B49E-88E298C57252}.Debug|iPhone.Build.0 = Debug|Any CPU
		{5E2394A4-19CB-480B-B49E-88E298C57252}.Debug|iPhoneSimulator.ActiveCfg = Debug|Any CPU
		{5E2394A4-19CB-480B-B49E-88E298C57252}.Debug|iPhoneSimulator.Build.0 = Debug|Any CPU
		{5E2394A4-19CB-480B-B49E-88E298C57252}.Debug|x64.ActiveCfg = Debug|x64
		{5E2394A4-19CB-480B-B49E-88E298C57252}.Debug|x64.Build.0 = Debug|x64
		{5E2394A4-19CB-480B-B49E-88E298C57252}.Debug|x86.ActiveCfg = Debug|x86
		{5E2394A4-19CB-480B-B49E-88E298C57252}.Debug|x86.Build.0 = Debug|x86
		{5E2394A4-19CB-480B-B49E-88E298C57252}.Release|Any CPU.ActiveCfg = Release|Any CPU
		{5E2394A4-19CB-480B-B49E-88E298C57252}.Release|Any CPU.Build.0 = Release|Any CPU
		{5E2394A4-19CB-480B-B49E-88E298C57252}.Release|ARM.ActiveCfg = Release|ARM
		{5E2394A4-19CB-480B-B49E-88E298C57252}.Release|ARM.Build.0 = Release|ARM
		{5E2394A4-19CB-480B-B49E-88E298C57252}.Release|iPhone.ActiveCfg = Release|Any CPU
		{5E2394A4-19CB-480B-B49E-88E298C57252}.Release|iPhone.Build.0 = Release|Any CPU
		{5E2394A4-19CB-480B-B49E-88E298C57252}.Release|iPhoneSimulator.ActiveCfg = Release|Any CPU
		{5E2394A4-19CB-480B-B49E-88E298C57252}.Release|iPhoneSimulator.Build.0 = Release|Any CPU
		{5E2394A4-19CB-480B-B49E-88E298C57252}.Release|x64.ActiveCfg = Release|x64
		{5E2394A4-19CB-480B-B49E-88E298C57252}.Release|x64.Build.0 = Release|x64
		{5E2394A4-19CB-480B-B49E-88E298C57252}.Release|x86.ActiveCfg = Release|x86
		{5E2394A4-19CB-480B-B49E-88E298C57252}.Release|x86.Build.0 = Release|x86
	EndGlobalSection
	GlobalSection(SolutionProperties) = preSolution
		HideSolutionNode = FALSE
	EndGlobalSection
	GlobalSection(NestedProjects) = preSolution
		{2CF5E868-1098-4C6D-9001-27D8DC0D87BE} = {B5AEA046-0E87-4A7B-8F11-80B6BDDA1F2A}
		{B5E1BBA9-1D29-403F-81E7-BA64D2CF2080} = {604C015D-F511-4589-89B1-D9CB6C09F074}
		{77F656B7-B3AD-4D58-8B0E-5A27B264EF0B} = {604C015D-F511-4589-89B1-D9CB6C09F074}
		{95333CBF-4204-4C44-8BC9-E1BBC048ABE3} = {604C015D-F511-4589-89B1-D9CB6C09F074}
		{95AA5515-F032-4C00-97BB-A2CC9F916EE3} = {604C015D-F511-4589-89B1-D9CB6C09F074}
		{B81F47D4-39DB-40CB-8F6D-A38EF4E3EB0E} = {604C015D-F511-4589-89B1-D9CB6C09F074}
		{10332C36-D054-41CA-8997-DA71A8CBC867} = {604C015D-F511-4589-89B1-D9CB6C09F074}
		{33ABCB90-E021-4257-82D2-F030462C749C} = {604C015D-F511-4589-89B1-D9CB6C09F074}
	EndGlobalSection
	GlobalSection(ExtensibilityGlobals) = postSolution
		VisualSVNWorkingCopyRoot = .
	EndGlobalSection
EndGlobal
